// !$*UTF8*$!
{
	archiveVersion = 1;
	classes = {
	};
	objectVersion = 50;
	objects = {

/* Begin PBXBuildFile section */
		01973702E93F0B70C2DBC6AF /* Pods_DeskemoTests.framework in Frameworks */ = {isa = PBXBuildFile; fileRef = 332FEEE008994DC13A5C1757 /* Pods_DeskemoTests.framework */; };
		4D3C58954E034FAFEEF5EFE3 /* Pods_Deskemo.framework in Frameworks */ = {isa = PBXBuildFile; fileRef = 4650F59642A1F3262B4EDD90 /* Pods_Deskemo.framework */; };
		5A6484935C4AE907D549FB00 /* Pods_DeskemoUITests.framework in Frameworks */ = {isa = PBXBuildFile; fileRef = 2DEB549B4401650A99A645EA /* Pods_DeskemoUITests.framework */; };
		6C4B22DBFF6C64C0EAF35593 /* Pods_Domain.framework in Frameworks */ = {isa = PBXBuildFile; fileRef = D43F0672B2EED27733ADFB24 /* Pods_Domain.framework */; };
		70A4829E7E4FCBD2C5550B46 /* Pods_CoreDataPlatform.framework in Frameworks */ = {isa = PBXBuildFile; fileRef = 3B66F7F61474E2C870A5FD59 /* Pods_CoreDataPlatform.framework */; };
		E476878A18F7F37E74C305E8 /* Pods_DomainTests.framework in Frameworks */ = {isa = PBXBuildFile; fileRef = 395415ED599E7CD511D5FACD /* Pods_DomainTests.framework */; };
		E819DDBAE0A75B1D3EC3236A /* Pods_CoreDataPlatformTests.framework in Frameworks */ = {isa = PBXBuildFile; fileRef = 8D9009A541AFA9EA82ACA28B /* Pods_CoreDataPlatformTests.framework */; };
		EB2EA16621EDF9AA00112168 /* AppDelegate.swift in Sources */ = {isa = PBXBuildFile; fileRef = EB2EA16521EDF9AA00112168 /* AppDelegate.swift */; };
		EB2EA16821EDF9AA00112168 /* ViewController.swift in Sources */ = {isa = PBXBuildFile; fileRef = EB2EA16721EDF9AA00112168 /* ViewController.swift */; };
		EB2EA16B21EDF9AA00112168 /* Main.storyboard in Resources */ = {isa = PBXBuildFile; fileRef = EB2EA16921EDF9AA00112168 /* Main.storyboard */; };
		EB2EA16E21EDF9AA00112168 /* Deskemo.xcdatamodeld in Sources */ = {isa = PBXBuildFile; fileRef = EB2EA16C21EDF9AA00112168 /* Deskemo.xcdatamodeld */; };
		EB2EA17021EDF9AB00112168 /* Assets.xcassets in Resources */ = {isa = PBXBuildFile; fileRef = EB2EA16F21EDF9AB00112168 /* Assets.xcassets */; };
		EB2EA17321EDF9AB00112168 /* LaunchScreen.storyboard in Resources */ = {isa = PBXBuildFile; fileRef = EB2EA17121EDF9AB00112168 /* LaunchScreen.storyboard */; };
		EB2EA17E21EDF9AB00112168 /* DeskemoTests.swift in Sources */ = {isa = PBXBuildFile; fileRef = EB2EA17D21EDF9AB00112168 /* DeskemoTests.swift */; };
		EB2EA18921EDF9AB00112168 /* DeskemoUITests.swift in Sources */ = {isa = PBXBuildFile; fileRef = EB2EA18821EDF9AB00112168 /* DeskemoUITests.swift */; };
		EBE2944721EE18520089B88B /* Domain.framework in Frameworks */ = {isa = PBXBuildFile; fileRef = EBE2943E21EE18520089B88B /* Domain.framework */; };
		EBE2944E21EE18520089B88B /* DomainTests.swift in Sources */ = {isa = PBXBuildFile; fileRef = EBE2944D21EE18520089B88B /* DomainTests.swift */; };
		EBE2945021EE18520089B88B /* Domain.h in Headers */ = {isa = PBXBuildFile; fileRef = EBE2944021EE18520089B88B /* Domain.h */; settings = {ATTRIBUTES = (Public, ); }; };
		EBE2945321EE18520089B88B /* Domain.framework in Frameworks */ = {isa = PBXBuildFile; fileRef = EBE2943E21EE18520089B88B /* Domain.framework */; };
		EBE2945421EE18520089B88B /* Domain.framework in Embed Frameworks */ = {isa = PBXBuildFile; fileRef = EBE2943E21EE18520089B88B /* Domain.framework */; settings = {ATTRIBUTES = (CodeSignOnCopy, RemoveHeadersOnCopy, ); }; };
		EBE2945E21EE18BC0089B88B /* Post.swift in Sources */ = {isa = PBXBuildFile; fileRef = EBE2945D21EE18BC0089B88B /* Post.swift */; };
		EBE2946021EE1DBB0089B88B /* User.swift in Sources */ = {isa = PBXBuildFile; fileRef = EBE2945F21EE1DBB0089B88B /* User.swift */; };
		EBE2946321EE21680089B88B /* PostsUseCase.swift in Sources */ = {isa = PBXBuildFile; fileRef = EBE2946221EE21680089B88B /* PostsUseCase.swift */; };
		EBE2946521EE23320089B88B /* UserUseCase.swift in Sources */ = {isa = PBXBuildFile; fileRef = EBE2946421EE23320089B88B /* UserUseCase.swift */; };
		EBE2946721EE23860089B88B /* UseCaseProvider.swift in Sources */ = {isa = PBXBuildFile; fileRef = EBE2946621EE23860089B88B /* UseCaseProvider.swift */; };
		EBE2947621EE24330089B88B /* CoreDataPlatform.framework in Frameworks */ = {isa = PBXBuildFile; fileRef = EBE2946D21EE24330089B88B /* CoreDataPlatform.framework */; };
		EBE2947D21EE24330089B88B /* CoreDataPlatformTests.swift in Sources */ = {isa = PBXBuildFile; fileRef = EBE2947C21EE24330089B88B /* CoreDataPlatformTests.swift */; };
		EBE2947F21EE24330089B88B /* CoreDataPlatform.h in Headers */ = {isa = PBXBuildFile; fileRef = EBE2946F21EE24330089B88B /* CoreDataPlatform.h */; settings = {ATTRIBUTES = (Public, ); }; };
		EBE2948221EE24330089B88B /* CoreDataPlatform.framework in Frameworks */ = {isa = PBXBuildFile; fileRef = EBE2946D21EE24330089B88B /* CoreDataPlatform.framework */; };
		EBE2948321EE24330089B88B /* CoreDataPlatform.framework in Embed Frameworks */ = {isa = PBXBuildFile; fileRef = EBE2946D21EE24330089B88B /* CoreDataPlatform.framework */; settings = {ATTRIBUTES = (CodeSignOnCopy, RemoveHeadersOnCopy, ); }; };
		EBE2948C21EE28070089B88B /* Model.xcdatamodeld in Sources */ = {isa = PBXBuildFile; fileRef = EBE2948A21EE28070089B88B /* Model.xcdatamodeld */; };
		EBE2949221EE2AD60089B88B /* CDUser+CoreDataProperties.swift in Sources */ = {isa = PBXBuildFile; fileRef = EBE2948E21EE2AD60089B88B /* CDUser+CoreDataProperties.swift */; };
		EBE2949321EE2AD60089B88B /* CDPost+CoreDataProperties.swift in Sources */ = {isa = PBXBuildFile; fileRef = EBE2948F21EE2AD60089B88B /* CDPost+CoreDataProperties.swift */; };
		EBE2949421EE2AD60089B88B /* CDPost+CoreDataClass.swift in Sources */ = {isa = PBXBuildFile; fileRef = EBE2949021EE2AD60089B88B /* CDPost+CoreDataClass.swift */; };
		EBE2949521EE2AD60089B88B /* CDUser+CoreDataClass.swift in Sources */ = {isa = PBXBuildFile; fileRef = EBE2949121EE2AD60089B88B /* CDUser+CoreDataClass.swift */; };
		EBE2949821EE2B0C0089B88B /* DomainConvertibleType.swift in Sources */ = {isa = PBXBuildFile; fileRef = EBE2949721EE2B0C0089B88B /* DomainConvertibleType.swift */; };
		EBE2949A21EE2BCF0089B88B /* Persistable.swift in Sources */ = {isa = PBXBuildFile; fileRef = EBE2949921EE2BCF0089B88B /* Persistable.swift */; };
		EBE2949D21EE2EA30089B88B /* NSManagedObjectContext+Rx.swift in Sources */ = {isa = PBXBuildFile; fileRef = EBE2949C21EE2EA30089B88B /* NSManagedObjectContext+Rx.swift */; };
		EBE2949F21EE30CE0089B88B /* FetchedResultsControllerEntityObserver.swift in Sources */ = {isa = PBXBuildFile; fileRef = EBE2949E21EE30CE0089B88B /* FetchedResultsControllerEntityObserver.swift */; };
		EBE294A221EE38980089B88B /* NSManagedObjectContext+Ext.swift in Sources */ = {isa = PBXBuildFile; fileRef = EBE294A121EE38980089B88B /* NSManagedObjectContext+Ext.swift */; };
		EBE294A421EE39B00089B88B /* Observable+Ext.swift in Sources */ = {isa = PBXBuildFile; fileRef = EBE294A321EE39B00089B88B /* Observable+Ext.swift */; };
		EBE294A621EE3AFA0089B88B /* CDPost+Ext.swift in Sources */ = {isa = PBXBuildFile; fileRef = EBE294A521EE3AFA0089B88B /* CDPost+Ext.swift */; };
		EBE294A821EE3E170089B88B /* CDUser+Ext.swift in Sources */ = {isa = PBXBuildFile; fileRef = EBE294A721EE3E170089B88B /* CDUser+Ext.swift */; };
		EBE294AB21EE40D70089B88B /* Repository.swift in Sources */ = {isa = PBXBuildFile; fileRef = EBE294AA21EE40D70089B88B /* Repository.swift */; };
		EBE294AD21EE41E90089B88B /* ContextScheduler.swift in Sources */ = {isa = PBXBuildFile; fileRef = EBE294AC21EE41E90089B88B /* ContextScheduler.swift */; };
		EBE294B021EE44EC0089B88B /* CoreDataStack.swift in Sources */ = {isa = PBXBuildFile; fileRef = EBE294AF21EE44EC0089B88B /* CoreDataStack.swift */; };
		EBE294B321EE46AF0089B88B /* PostsUseCase.swift in Sources */ = {isa = PBXBuildFile; fileRef = EBE294B221EE46AF0089B88B /* PostsUseCase.swift */; };
		EBE294B521EE46C00089B88B /* UseCaseProvider.swift in Sources */ = {isa = PBXBuildFile; fileRef = EBE294B421EE46C00089B88B /* UseCaseProvider.swift */; };
		EBE294B721EE488A0089B88B /* UserUserCase.swift in Sources */ = {isa = PBXBuildFile; fileRef = EBE294B621EE488A0089B88B /* UserUserCase.swift */; };
		EBE294BB21EEB6B00089B88B /* ViewModelType.swift in Sources */ = {isa = PBXBuildFile; fileRef = EBE294BA21EEB6B00089B88B /* ViewModelType.swift */; };
		EBE294BD21EEB6C50089B88B /* Application.swift in Sources */ = {isa = PBXBuildFile; fileRef = EBE294BC21EEB6C50089B88B /* Application.swift */; };
		EBE294C321EECA0F0089B88B /* UserNavigator.swift in Sources */ = {isa = PBXBuildFile; fileRef = EBE294C221EECA0F0089B88B /* UserNavigator.swift */; };
		EBE294C721EECD190089B88B /* SignUpNavigator.swift in Sources */ = {isa = PBXBuildFile; fileRef = EBE294C621EECD190089B88B /* SignUpNavigator.swift */; };
		EBE294C921EECD280089B88B /* LoginNavigator.swift in Sources */ = {isa = PBXBuildFile; fileRef = EBE294C821EECD280089B88B /* LoginNavigator.swift */; };
		EBE294CB21EECD370089B88B /* FavoritesNavigator.swift in Sources */ = {isa = PBXBuildFile; fileRef = EBE294CA21EECD370089B88B /* FavoritesNavigator.swift */; };
		EBE294CD21EECD5B0089B88B /* ItemsNavigator.swift in Sources */ = {isa = PBXBuildFile; fileRef = EBE294CC21EECD5B0089B88B /* ItemsNavigator.swift */; };
		EBE294CF21EED33B0089B88B /* LoginViewModel.swift in Sources */ = {isa = PBXBuildFile; fileRef = EBE294CE21EED33B0089B88B /* LoginViewModel.swift */; };
		EBE294D121EED46D0089B88B /* LoginViewController.swift in Sources */ = {isa = PBXBuildFile; fileRef = EBE294D021EED46D0089B88B /* LoginViewController.swift */; };
		EBE294D421EED6EC0089B88B /* Reusable.swift in Sources */ = {isa = PBXBuildFile; fileRef = EBE294D321EED6EC0089B88B /* Reusable.swift */; };
		EBE294D621EEDAD10089B88B /* SignUpViewController.swift in Sources */ = {isa = PBXBuildFile; fileRef = EBE294D521EEDAD10089B88B /* SignUpViewController.swift */; };
		EBE294D821EEDB4B0089B88B /* SignUpViewModel.swift in Sources */ = {isa = PBXBuildFile; fileRef = EBE294D721EEDB4B0089B88B /* SignUpViewModel.swift */; };
		EBE294DA21EF017C0089B88B /* MainNavigator.swift in Sources */ = {isa = PBXBuildFile; fileRef = EBE294D921EF017C0089B88B /* MainNavigator.swift */; };
		EBE294DD21EF040A0089B88B /* FavoritesViewController.swift in Sources */ = {isa = PBXBuildFile; fileRef = EBE294DC21EF040A0089B88B /* FavoritesViewController.swift */; };
		EBE294DF21EF042F0089B88B /* ItemsViewController.swift in Sources */ = {isa = PBXBuildFile; fileRef = EBE294DE21EF042F0089B88B /* ItemsViewController.swift */; };
		EBE294E121EF04390089B88B /* UserViewController.swift in Sources */ = {isa = PBXBuildFile; fileRef = EBE294E021EF04390089B88B /* UserViewController.swift */; };
/* End PBXBuildFile section */

/* Begin PBXContainerItemProxy section */
		EB2EA17A21EDF9AB00112168 /* PBXContainerItemProxy */ = {
			isa = PBXContainerItemProxy;
			containerPortal = EB2EA15A21EDF9AA00112168 /* Project object */;
			proxyType = 1;
			remoteGlobalIDString = EB2EA16121EDF9AA00112168;
			remoteInfo = Deskemo;
		};
		EB2EA18521EDF9AB00112168 /* PBXContainerItemProxy */ = {
			isa = PBXContainerItemProxy;
			containerPortal = EB2EA15A21EDF9AA00112168 /* Project object */;
			proxyType = 1;
			remoteGlobalIDString = EB2EA16121EDF9AA00112168;
			remoteInfo = Deskemo;
		};
		EBE2944821EE18520089B88B /* PBXContainerItemProxy */ = {
			isa = PBXContainerItemProxy;
			containerPortal = EB2EA15A21EDF9AA00112168 /* Project object */;
			proxyType = 1;
			remoteGlobalIDString = EBE2943D21EE18520089B88B;
			remoteInfo = Domain;
		};
		EBE2944A21EE18520089B88B /* PBXContainerItemProxy */ = {
			isa = PBXContainerItemProxy;
			containerPortal = EB2EA15A21EDF9AA00112168 /* Project object */;
			proxyType = 1;
			remoteGlobalIDString = EB2EA16121EDF9AA00112168;
			remoteInfo = Deskemo;
		};
		EBE2945121EE18520089B88B /* PBXContainerItemProxy */ = {
			isa = PBXContainerItemProxy;
			containerPortal = EB2EA15A21EDF9AA00112168 /* Project object */;
			proxyType = 1;
			remoteGlobalIDString = EBE2943D21EE18520089B88B;
			remoteInfo = Domain;
		};
		EBE2947721EE24330089B88B /* PBXContainerItemProxy */ = {
			isa = PBXContainerItemProxy;
			containerPortal = EB2EA15A21EDF9AA00112168 /* Project object */;
			proxyType = 1;
			remoteGlobalIDString = EBE2946C21EE24330089B88B;
			remoteInfo = CoreDataPlatform;
		};
		EBE2947921EE24330089B88B /* PBXContainerItemProxy */ = {
			isa = PBXContainerItemProxy;
			containerPortal = EB2EA15A21EDF9AA00112168 /* Project object */;
			proxyType = 1;
			remoteGlobalIDString = EB2EA16121EDF9AA00112168;
			remoteInfo = Deskemo;
		};
		EBE2948021EE24330089B88B /* PBXContainerItemProxy */ = {
			isa = PBXContainerItemProxy;
			containerPortal = EB2EA15A21EDF9AA00112168 /* Project object */;
			proxyType = 1;
			remoteGlobalIDString = EBE2946C21EE24330089B88B;
			remoteInfo = CoreDataPlatform;
		};
/* End PBXContainerItemProxy section */

/* Begin PBXCopyFilesBuildPhase section */
		EBE2945A21EE18520089B88B /* Embed Frameworks */ = {
			isa = PBXCopyFilesBuildPhase;
			buildActionMask = 2147483647;
			dstPath = "";
			dstSubfolderSpec = 10;
			files = (
				EBE2948321EE24330089B88B /* CoreDataPlatform.framework in Embed Frameworks */,
				EBE2945421EE18520089B88B /* Domain.framework in Embed Frameworks */,
			);
			name = "Embed Frameworks";
			runOnlyForDeploymentPostprocessing = 0;
		};
/* End PBXCopyFilesBuildPhase section */

/* Begin PBXFileReference section */
		01A1AB3906E337DA10E8A143 /* Pods-DeskemoUITests.release.xcconfig */ = {isa = PBXFileReference; includeInIndex = 1; lastKnownFileType = text.xcconfig; name = "Pods-DeskemoUITests.release.xcconfig"; path = "Pods/Target Support Files/Pods-DeskemoUITests/Pods-DeskemoUITests.release.xcconfig"; sourceTree = "<group>"; };
		11DE27A816B070AB9700CE35 /* Pods-DeskemoTests.release.xcconfig */ = {isa = PBXFileReference; includeInIndex = 1; lastKnownFileType = text.xcconfig; name = "Pods-DeskemoTests.release.xcconfig"; path = "Pods/Target Support Files/Pods-DeskemoTests/Pods-DeskemoTests.release.xcconfig"; sourceTree = "<group>"; };
		24DD2E065FB51CD066CCAC09 /* Pods-CoreDataPlatform.release.xcconfig */ = {isa = PBXFileReference; includeInIndex = 1; lastKnownFileType = text.xcconfig; name = "Pods-CoreDataPlatform.release.xcconfig"; path = "Pods/Target Support Files/Pods-CoreDataPlatform/Pods-CoreDataPlatform.release.xcconfig"; sourceTree = "<group>"; };
		2DEB549B4401650A99A645EA /* Pods_DeskemoUITests.framework */ = {isa = PBXFileReference; explicitFileType = wrapper.framework; includeInIndex = 0; path = Pods_DeskemoUITests.framework; sourceTree = BUILT_PRODUCTS_DIR; };
		332FEEE008994DC13A5C1757 /* Pods_DeskemoTests.framework */ = {isa = PBXFileReference; explicitFileType = wrapper.framework; includeInIndex = 0; path = Pods_DeskemoTests.framework; sourceTree = BUILT_PRODUCTS_DIR; };
		395415ED599E7CD511D5FACD /* Pods_DomainTests.framework */ = {isa = PBXFileReference; explicitFileType = wrapper.framework; includeInIndex = 0; path = Pods_DomainTests.framework; sourceTree = BUILT_PRODUCTS_DIR; };
		3B66F7F61474E2C870A5FD59 /* Pods_CoreDataPlatform.framework */ = {isa = PBXFileReference; explicitFileType = wrapper.framework; includeInIndex = 0; path = Pods_CoreDataPlatform.framework; sourceTree = BUILT_PRODUCTS_DIR; };
		3CB8724C79912B5D3ACD00CA /* Pods-CoreDataPlatform.debug.xcconfig */ = {isa = PBXFileReference; includeInIndex = 1; lastKnownFileType = text.xcconfig; name = "Pods-CoreDataPlatform.debug.xcconfig"; path = "Pods/Target Support Files/Pods-CoreDataPlatform/Pods-CoreDataPlatform.debug.xcconfig"; sourceTree = "<group>"; };
		3F63C188805BA6BA11FD1DE1 /* Pods-DomainTests.release.xcconfig */ = {isa = PBXFileReference; includeInIndex = 1; lastKnownFileType = text.xcconfig; name = "Pods-DomainTests.release.xcconfig"; path = "Pods/Target Support Files/Pods-DomainTests/Pods-DomainTests.release.xcconfig"; sourceTree = "<group>"; };
		42BC9D8E51EB6D136BFB7900 /* Pods-Deskemo.release.xcconfig */ = {isa = PBXFileReference; includeInIndex = 1; lastKnownFileType = text.xcconfig; name = "Pods-Deskemo.release.xcconfig"; path = "Pods/Target Support Files/Pods-Deskemo/Pods-Deskemo.release.xcconfig"; sourceTree = "<group>"; };
		4650F59642A1F3262B4EDD90 /* Pods_Deskemo.framework */ = {isa = PBXFileReference; explicitFileType = wrapper.framework; includeInIndex = 0; path = Pods_Deskemo.framework; sourceTree = BUILT_PRODUCTS_DIR; };
		4741C6FF8721E9716201BCC9 /* Pods-DeskemoUITests.debug.xcconfig */ = {isa = PBXFileReference; includeInIndex = 1; lastKnownFileType = text.xcconfig; name = "Pods-DeskemoUITests.debug.xcconfig"; path = "Pods/Target Support Files/Pods-DeskemoUITests/Pods-DeskemoUITests.debug.xcconfig"; sourceTree = "<group>"; };
		8D9009A541AFA9EA82ACA28B /* Pods_CoreDataPlatformTests.framework */ = {isa = PBXFileReference; explicitFileType = wrapper.framework; includeInIndex = 0; path = Pods_CoreDataPlatformTests.framework; sourceTree = BUILT_PRODUCTS_DIR; };
		93F243F40A6DB389C156B62D /* Pods-CoreDataPlatformTests.debug.xcconfig */ = {isa = PBXFileReference; includeInIndex = 1; lastKnownFileType = text.xcconfig; name = "Pods-CoreDataPlatformTests.debug.xcconfig"; path = "Pods/Target Support Files/Pods-CoreDataPlatformTests/Pods-CoreDataPlatformTests.debug.xcconfig"; sourceTree = "<group>"; };
		A387800A3BC1D6C8DE7650F1 /* Pods-Domain.release.xcconfig */ = {isa = PBXFileReference; includeInIndex = 1; lastKnownFileType = text.xcconfig; name = "Pods-Domain.release.xcconfig"; path = "Pods/Target Support Files/Pods-Domain/Pods-Domain.release.xcconfig"; sourceTree = "<group>"; };
		B171F6950428A9C85B54467C /* Pods-DomainTests.debug.xcconfig */ = {isa = PBXFileReference; includeInIndex = 1; lastKnownFileType = text.xcconfig; name = "Pods-DomainTests.debug.xcconfig"; path = "Pods/Target Support Files/Pods-DomainTests/Pods-DomainTests.debug.xcconfig"; sourceTree = "<group>"; };
		C95C9AC810007641F252E7B2 /* Pods-Domain.debug.xcconfig */ = {isa = PBXFileReference; includeInIndex = 1; lastKnownFileType = text.xcconfig; name = "Pods-Domain.debug.xcconfig"; path = "Pods/Target Support Files/Pods-Domain/Pods-Domain.debug.xcconfig"; sourceTree = "<group>"; };
		D43F0672B2EED27733ADFB24 /* Pods_Domain.framework */ = {isa = PBXFileReference; explicitFileType = wrapper.framework; includeInIndex = 0; path = Pods_Domain.framework; sourceTree = BUILT_PRODUCTS_DIR; };
		D50BEEF9F207B6B29CD00FD0 /* Pods-Deskemo.debug.xcconfig */ = {isa = PBXFileReference; includeInIndex = 1; lastKnownFileType = text.xcconfig; name = "Pods-Deskemo.debug.xcconfig"; path = "Pods/Target Support Files/Pods-Deskemo/Pods-Deskemo.debug.xcconfig"; sourceTree = "<group>"; };
		EB2EA16221EDF9AA00112168 /* Deskemo.app */ = {isa = PBXFileReference; explicitFileType = wrapper.application; includeInIndex = 0; path = Deskemo.app; sourceTree = BUILT_PRODUCTS_DIR; };
		EB2EA16521EDF9AA00112168 /* AppDelegate.swift */ = {isa = PBXFileReference; lastKnownFileType = sourcecode.swift; path = AppDelegate.swift; sourceTree = "<group>"; };
		EB2EA16721EDF9AA00112168 /* ViewController.swift */ = {isa = PBXFileReference; lastKnownFileType = sourcecode.swift; path = ViewController.swift; sourceTree = "<group>"; };
		EB2EA16A21EDF9AA00112168 /* Base */ = {isa = PBXFileReference; lastKnownFileType = file.storyboard; name = Base; path = Base.lproj/Main.storyboard; sourceTree = "<group>"; };
		EB2EA16D21EDF9AA00112168 /* Deskemo.xcdatamodel */ = {isa = PBXFileReference; lastKnownFileType = wrapper.xcdatamodel; path = Deskemo.xcdatamodel; sourceTree = "<group>"; };
		EB2EA16F21EDF9AB00112168 /* Assets.xcassets */ = {isa = PBXFileReference; lastKnownFileType = folder.assetcatalog; path = Assets.xcassets; sourceTree = "<group>"; };
		EB2EA17221EDF9AB00112168 /* Base */ = {isa = PBXFileReference; lastKnownFileType = file.storyboard; name = Base; path = Base.lproj/LaunchScreen.storyboard; sourceTree = "<group>"; };
		EB2EA17421EDF9AB00112168 /* Info.plist */ = {isa = PBXFileReference; lastKnownFileType = text.plist.xml; path = Info.plist; sourceTree = "<group>"; };
		EB2EA17921EDF9AB00112168 /* DeskemoTests.xctest */ = {isa = PBXFileReference; explicitFileType = wrapper.cfbundle; includeInIndex = 0; path = DeskemoTests.xctest; sourceTree = BUILT_PRODUCTS_DIR; };
		EB2EA17D21EDF9AB00112168 /* DeskemoTests.swift */ = {isa = PBXFileReference; lastKnownFileType = sourcecode.swift; path = DeskemoTests.swift; sourceTree = "<group>"; };
		EB2EA17F21EDF9AB00112168 /* Info.plist */ = {isa = PBXFileReference; lastKnownFileType = text.plist.xml; path = Info.plist; sourceTree = "<group>"; };
		EB2EA18421EDF9AB00112168 /* DeskemoUITests.xctest */ = {isa = PBXFileReference; explicitFileType = wrapper.cfbundle; includeInIndex = 0; path = DeskemoUITests.xctest; sourceTree = BUILT_PRODUCTS_DIR; };
		EB2EA18821EDF9AB00112168 /* DeskemoUITests.swift */ = {isa = PBXFileReference; lastKnownFileType = sourcecode.swift; path = DeskemoUITests.swift; sourceTree = "<group>"; };
		EB2EA18A21EDF9AB00112168 /* Info.plist */ = {isa = PBXFileReference; lastKnownFileType = text.plist.xml; path = Info.plist; sourceTree = "<group>"; };
		EBE2943E21EE18520089B88B /* Domain.framework */ = {isa = PBXFileReference; explicitFileType = wrapper.framework; includeInIndex = 0; path = Domain.framework; sourceTree = BUILT_PRODUCTS_DIR; };
		EBE2944021EE18520089B88B /* Domain.h */ = {isa = PBXFileReference; lastKnownFileType = sourcecode.c.h; path = Domain.h; sourceTree = "<group>"; };
		EBE2944121EE18520089B88B /* Info.plist */ = {isa = PBXFileReference; lastKnownFileType = text.plist.xml; path = Info.plist; sourceTree = "<group>"; };
		EBE2944621EE18520089B88B /* DomainTests.xctest */ = {isa = PBXFileReference; explicitFileType = wrapper.cfbundle; includeInIndex = 0; path = DomainTests.xctest; sourceTree = BUILT_PRODUCTS_DIR; };
		EBE2944D21EE18520089B88B /* DomainTests.swift */ = {isa = PBXFileReference; lastKnownFileType = sourcecode.swift; path = DomainTests.swift; sourceTree = "<group>"; };
		EBE2944F21EE18520089B88B /* Info.plist */ = {isa = PBXFileReference; lastKnownFileType = text.plist.xml; path = Info.plist; sourceTree = "<group>"; };
		EBE2945D21EE18BC0089B88B /* Post.swift */ = {isa = PBXFileReference; lastKnownFileType = sourcecode.swift; path = Post.swift; sourceTree = "<group>"; };
		EBE2945F21EE1DBB0089B88B /* User.swift */ = {isa = PBXFileReference; lastKnownFileType = sourcecode.swift; path = User.swift; sourceTree = "<group>"; };
		EBE2946221EE21680089B88B /* PostsUseCase.swift */ = {isa = PBXFileReference; lastKnownFileType = sourcecode.swift; path = PostsUseCase.swift; sourceTree = "<group>"; };
		EBE2946421EE23320089B88B /* UserUseCase.swift */ = {isa = PBXFileReference; lastKnownFileType = sourcecode.swift; path = UserUseCase.swift; sourceTree = "<group>"; };
		EBE2946621EE23860089B88B /* UseCaseProvider.swift */ = {isa = PBXFileReference; lastKnownFileType = sourcecode.swift; path = UseCaseProvider.swift; sourceTree = "<group>"; };
		EBE2946D21EE24330089B88B /* CoreDataPlatform.framework */ = {isa = PBXFileReference; explicitFileType = wrapper.framework; includeInIndex = 0; path = CoreDataPlatform.framework; sourceTree = BUILT_PRODUCTS_DIR; };
		EBE2946F21EE24330089B88B /* CoreDataPlatform.h */ = {isa = PBXFileReference; lastKnownFileType = sourcecode.c.h; path = CoreDataPlatform.h; sourceTree = "<group>"; };
		EBE2947021EE24330089B88B /* Info.plist */ = {isa = PBXFileReference; lastKnownFileType = text.plist.xml; path = Info.plist; sourceTree = "<group>"; };
		EBE2947521EE24330089B88B /* CoreDataPlatformTests.xctest */ = {isa = PBXFileReference; explicitFileType = wrapper.cfbundle; includeInIndex = 0; path = CoreDataPlatformTests.xctest; sourceTree = BUILT_PRODUCTS_DIR; };
		EBE2947C21EE24330089B88B /* CoreDataPlatformTests.swift */ = {isa = PBXFileReference; lastKnownFileType = sourcecode.swift; path = CoreDataPlatformTests.swift; sourceTree = "<group>"; };
		EBE2947E21EE24330089B88B /* Info.plist */ = {isa = PBXFileReference; lastKnownFileType = text.plist.xml; path = Info.plist; sourceTree = "<group>"; };
		EBE2948B21EE28070089B88B /* Model.xcdatamodel */ = {isa = PBXFileReference; lastKnownFileType = wrapper.xcdatamodel; path = Model.xcdatamodel; sourceTree = "<group>"; };
		EBE2948E21EE2AD60089B88B /* CDUser+CoreDataProperties.swift */ = {isa = PBXFileReference; fileEncoding = 4; lastKnownFileType = sourcecode.swift; path = "CDUser+CoreDataProperties.swift"; sourceTree = "<group>"; };
		EBE2948F21EE2AD60089B88B /* CDPost+CoreDataProperties.swift */ = {isa = PBXFileReference; fileEncoding = 4; lastKnownFileType = sourcecode.swift; path = "CDPost+CoreDataProperties.swift"; sourceTree = "<group>"; };
		EBE2949021EE2AD60089B88B /* CDPost+CoreDataClass.swift */ = {isa = PBXFileReference; fileEncoding = 4; lastKnownFileType = sourcecode.swift; path = "CDPost+CoreDataClass.swift"; sourceTree = "<group>"; };
		EBE2949121EE2AD60089B88B /* CDUser+CoreDataClass.swift */ = {isa = PBXFileReference; fileEncoding = 4; lastKnownFileType = sourcecode.swift; path = "CDUser+CoreDataClass.swift"; sourceTree = "<group>"; };
		EBE2949721EE2B0C0089B88B /* DomainConvertibleType.swift */ = {isa = PBXFileReference; lastKnownFileType = sourcecode.swift; path = DomainConvertibleType.swift; sourceTree = "<group>"; };
		EBE2949921EE2BCF0089B88B /* Persistable.swift */ = {isa = PBXFileReference; lastKnownFileType = sourcecode.swift; path = Persistable.swift; sourceTree = "<group>"; };
		EBE2949C21EE2EA30089B88B /* NSManagedObjectContext+Rx.swift */ = {isa = PBXFileReference; lastKnownFileType = sourcecode.swift; path = "NSManagedObjectContext+Rx.swift"; sourceTree = "<group>"; };
		EBE2949E21EE30CE0089B88B /* FetchedResultsControllerEntityObserver.swift */ = {isa = PBXFileReference; lastKnownFileType = sourcecode.swift; path = FetchedResultsControllerEntityObserver.swift; sourceTree = "<group>"; };
		EBE294A121EE38980089B88B /* NSManagedObjectContext+Ext.swift */ = {isa = PBXFileReference; lastKnownFileType = sourcecode.swift; path = "NSManagedObjectContext+Ext.swift"; sourceTree = "<group>"; };
		EBE294A321EE39B00089B88B /* Observable+Ext.swift */ = {isa = PBXFileReference; lastKnownFileType = sourcecode.swift; path = "Observable+Ext.swift"; sourceTree = "<group>"; };
		EBE294A521EE3AFA0089B88B /* CDPost+Ext.swift */ = {isa = PBXFileReference; lastKnownFileType = sourcecode.swift; path = "CDPost+Ext.swift"; sourceTree = "<group>"; };
		EBE294A721EE3E170089B88B /* CDUser+Ext.swift */ = {isa = PBXFileReference; lastKnownFileType = sourcecode.swift; path = "CDUser+Ext.swift"; sourceTree = "<group>"; };
		EBE294AA21EE40D70089B88B /* Repository.swift */ = {isa = PBXFileReference; lastKnownFileType = sourcecode.swift; path = Repository.swift; sourceTree = "<group>"; };
		EBE294AC21EE41E90089B88B /* ContextScheduler.swift */ = {isa = PBXFileReference; lastKnownFileType = sourcecode.swift; path = ContextScheduler.swift; sourceTree = "<group>"; };
		EBE294AF21EE44EC0089B88B /* CoreDataStack.swift */ = {isa = PBXFileReference; lastKnownFileType = sourcecode.swift; path = CoreDataStack.swift; sourceTree = "<group>"; };
		EBE294B221EE46AF0089B88B /* PostsUseCase.swift */ = {isa = PBXFileReference; lastKnownFileType = sourcecode.swift; path = PostsUseCase.swift; sourceTree = "<group>"; };
		EBE294B421EE46C00089B88B /* UseCaseProvider.swift */ = {isa = PBXFileReference; lastKnownFileType = sourcecode.swift; path = UseCaseProvider.swift; sourceTree = "<group>"; };
		EBE294B621EE488A0089B88B /* UserUserCase.swift */ = {isa = PBXFileReference; lastKnownFileType = sourcecode.swift; path = UserUserCase.swift; sourceTree = "<group>"; };
		EBE294BA21EEB6B00089B88B /* ViewModelType.swift */ = {isa = PBXFileReference; lastKnownFileType = sourcecode.swift; path = ViewModelType.swift; sourceTree = "<group>"; };
		EBE294BC21EEB6C50089B88B /* Application.swift */ = {isa = PBXFileReference; lastKnownFileType = sourcecode.swift; path = Application.swift; sourceTree = "<group>"; };
		EBE294C221EECA0F0089B88B /* UserNavigator.swift */ = {isa = PBXFileReference; lastKnownFileType = sourcecode.swift; path = UserNavigator.swift; sourceTree = "<group>"; };
		EBE294C621EECD190089B88B /* SignUpNavigator.swift */ = {isa = PBXFileReference; lastKnownFileType = sourcecode.swift; path = SignUpNavigator.swift; sourceTree = "<group>"; };
		EBE294C821EECD280089B88B /* LoginNavigator.swift */ = {isa = PBXFileReference; lastKnownFileType = sourcecode.swift; path = LoginNavigator.swift; sourceTree = "<group>"; };
		EBE294CA21EECD370089B88B /* FavoritesNavigator.swift */ = {isa = PBXFileReference; lastKnownFileType = sourcecode.swift; path = FavoritesNavigator.swift; sourceTree = "<group>"; };
		EBE294CC21EECD5B0089B88B /* ItemsNavigator.swift */ = {isa = PBXFileReference; lastKnownFileType = sourcecode.swift; path = ItemsNavigator.swift; sourceTree = "<group>"; };
		EBE294CE21EED33B0089B88B /* LoginViewModel.swift */ = {isa = PBXFileReference; lastKnownFileType = sourcecode.swift; path = LoginViewModel.swift; sourceTree = "<group>"; };
		EBE294D021EED46D0089B88B /* LoginViewController.swift */ = {isa = PBXFileReference; lastKnownFileType = sourcecode.swift; path = LoginViewController.swift; sourceTree = "<group>"; };
		EBE294D321EED6EC0089B88B /* Reusable.swift */ = {isa = PBXFileReference; lastKnownFileType = sourcecode.swift; path = Reusable.swift; sourceTree = "<group>"; };
		EBE294D521EEDAD10089B88B /* SignUpViewController.swift */ = {isa = PBXFileReference; lastKnownFileType = sourcecode.swift; path = SignUpViewController.swift; sourceTree = "<group>"; };
		EBE294D721EEDB4B0089B88B /* SignUpViewModel.swift */ = {isa = PBXFileReference; lastKnownFileType = sourcecode.swift; path = SignUpViewModel.swift; sourceTree = "<group>"; };
		EBE294D921EF017C0089B88B /* MainNavigator.swift */ = {isa = PBXFileReference; lastKnownFileType = sourcecode.swift; path = MainNavigator.swift; sourceTree = "<group>"; };
		EBE294DC21EF040A0089B88B /* FavoritesViewController.swift */ = {isa = PBXFileReference; lastKnownFileType = sourcecode.swift; path = FavoritesViewController.swift; sourceTree = "<group>"; };
		EBE294DE21EF042F0089B88B /* ItemsViewController.swift */ = {isa = PBXFileReference; lastKnownFileType = sourcecode.swift; path = ItemsViewController.swift; sourceTree = "<group>"; };
		EBE294E021EF04390089B88B /* UserViewController.swift */ = {isa = PBXFileReference; lastKnownFileType = sourcecode.swift; path = UserViewController.swift; sourceTree = "<group>"; };
		F1285EA88620502DF49EFC88 /* Pods-DeskemoTests.debug.xcconfig */ = {isa = PBXFileReference; includeInIndex = 1; lastKnownFileType = text.xcconfig; name = "Pods-DeskemoTests.debug.xcconfig"; path = "Pods/Target Support Files/Pods-DeskemoTests/Pods-DeskemoTests.debug.xcconfig"; sourceTree = "<group>"; };
		F896D5AB68EC0C0A948EF644 /* Pods-CoreDataPlatformTests.release.xcconfig */ = {isa = PBXFileReference; includeInIndex = 1; lastKnownFileType = text.xcconfig; name = "Pods-CoreDataPlatformTests.release.xcconfig"; path = "Pods/Target Support Files/Pods-CoreDataPlatformTests/Pods-CoreDataPlatformTests.release.xcconfig"; sourceTree = "<group>"; };
/* End PBXFileReference section */

/* Begin PBXFrameworksBuildPhase section */
		EB2EA15F21EDF9AA00112168 /* Frameworks */ = {
			isa = PBXFrameworksBuildPhase;
			buildActionMask = 2147483647;
			files = (
				EBE2948221EE24330089B88B /* CoreDataPlatform.framework in Frameworks */,
				EBE2945321EE18520089B88B /* Domain.framework in Frameworks */,
				4D3C58954E034FAFEEF5EFE3 /* Pods_Deskemo.framework in Frameworks */,
			);
			runOnlyForDeploymentPostprocessing = 0;
		};
		EB2EA17621EDF9AB00112168 /* Frameworks */ = {
			isa = PBXFrameworksBuildPhase;
			buildActionMask = 2147483647;
			files = (
				01973702E93F0B70C2DBC6AF /* Pods_DeskemoTests.framework in Frameworks */,
			);
			runOnlyForDeploymentPostprocessing = 0;
		};
		EB2EA18121EDF9AB00112168 /* Frameworks */ = {
			isa = PBXFrameworksBuildPhase;
			buildActionMask = 2147483647;
			files = (
				5A6484935C4AE907D549FB00 /* Pods_DeskemoUITests.framework in Frameworks */,
			);
			runOnlyForDeploymentPostprocessing = 0;
		};
		EBE2943B21EE18520089B88B /* Frameworks */ = {
			isa = PBXFrameworksBuildPhase;
			buildActionMask = 2147483647;
			files = (
				6C4B22DBFF6C64C0EAF35593 /* Pods_Domain.framework in Frameworks */,
			);
			runOnlyForDeploymentPostprocessing = 0;
		};
		EBE2944321EE18520089B88B /* Frameworks */ = {
			isa = PBXFrameworksBuildPhase;
			buildActionMask = 2147483647;
			files = (
				EBE2944721EE18520089B88B /* Domain.framework in Frameworks */,
				E476878A18F7F37E74C305E8 /* Pods_DomainTests.framework in Frameworks */,
			);
			runOnlyForDeploymentPostprocessing = 0;
		};
		EBE2946A21EE24330089B88B /* Frameworks */ = {
			isa = PBXFrameworksBuildPhase;
			buildActionMask = 2147483647;
			files = (
				70A4829E7E4FCBD2C5550B46 /* Pods_CoreDataPlatform.framework in Frameworks */,
			);
			runOnlyForDeploymentPostprocessing = 0;
		};
		EBE2947221EE24330089B88B /* Frameworks */ = {
			isa = PBXFrameworksBuildPhase;
			buildActionMask = 2147483647;
			files = (
				EBE2947621EE24330089B88B /* CoreDataPlatform.framework in Frameworks */,
				E819DDBAE0A75B1D3EC3236A /* Pods_CoreDataPlatformTests.framework in Frameworks */,
			);
			runOnlyForDeploymentPostprocessing = 0;
		};
/* End PBXFrameworksBuildPhase section */

/* Begin PBXGroup section */
		445C0F1BECFCEDD5CD8DCF4E /* Frameworks */ = {
			isa = PBXGroup;
			children = (
				4650F59642A1F3262B4EDD90 /* Pods_Deskemo.framework */,
				332FEEE008994DC13A5C1757 /* Pods_DeskemoTests.framework */,
				2DEB549B4401650A99A645EA /* Pods_DeskemoUITests.framework */,
				D43F0672B2EED27733ADFB24 /* Pods_Domain.framework */,
				395415ED599E7CD511D5FACD /* Pods_DomainTests.framework */,
				3B66F7F61474E2C870A5FD59 /* Pods_CoreDataPlatform.framework */,
				8D9009A541AFA9EA82ACA28B /* Pods_CoreDataPlatformTests.framework */,
			);
			name = Frameworks;
			sourceTree = "<group>";
		};
		B46491E77760F62FCF31AF91 /* Pods */ = {
			isa = PBXGroup;
			children = (
				D50BEEF9F207B6B29CD00FD0 /* Pods-Deskemo.debug.xcconfig */,
				42BC9D8E51EB6D136BFB7900 /* Pods-Deskemo.release.xcconfig */,
				F1285EA88620502DF49EFC88 /* Pods-DeskemoTests.debug.xcconfig */,
				11DE27A816B070AB9700CE35 /* Pods-DeskemoTests.release.xcconfig */,
				4741C6FF8721E9716201BCC9 /* Pods-DeskemoUITests.debug.xcconfig */,
				01A1AB3906E337DA10E8A143 /* Pods-DeskemoUITests.release.xcconfig */,
				C95C9AC810007641F252E7B2 /* Pods-Domain.debug.xcconfig */,
				A387800A3BC1D6C8DE7650F1 /* Pods-Domain.release.xcconfig */,
				B171F6950428A9C85B54467C /* Pods-DomainTests.debug.xcconfig */,
				3F63C188805BA6BA11FD1DE1 /* Pods-DomainTests.release.xcconfig */,
				3CB8724C79912B5D3ACD00CA /* Pods-CoreDataPlatform.debug.xcconfig */,
				24DD2E065FB51CD066CCAC09 /* Pods-CoreDataPlatform.release.xcconfig */,
				93F243F40A6DB389C156B62D /* Pods-CoreDataPlatformTests.debug.xcconfig */,
				F896D5AB68EC0C0A948EF644 /* Pods-CoreDataPlatformTests.release.xcconfig */,
			);
			name = Pods;
			sourceTree = "<group>";
		};
		EB2EA15921EDF9AA00112168 = {
			isa = PBXGroup;
			children = (
				EB2EA16421EDF9AA00112168 /* Deskemo */,
				EB2EA17C21EDF9AB00112168 /* DeskemoTests */,
				EB2EA18721EDF9AB00112168 /* DeskemoUITests */,
				EBE2943F21EE18520089B88B /* Domain */,
				EBE2944C21EE18520089B88B /* DomainTests */,
				EBE2946E21EE24330089B88B /* CoreDataPlatform */,
				EBE2947B21EE24330089B88B /* CoreDataPlatformTests */,
				EB2EA16321EDF9AA00112168 /* Products */,
				B46491E77760F62FCF31AF91 /* Pods */,
				445C0F1BECFCEDD5CD8DCF4E /* Frameworks */,
			);
			sourceTree = "<group>";
		};
		EB2EA16321EDF9AA00112168 /* Products */ = {
			isa = PBXGroup;
			children = (
				EB2EA16221EDF9AA00112168 /* Deskemo.app */,
				EB2EA17921EDF9AB00112168 /* DeskemoTests.xctest */,
				EB2EA18421EDF9AB00112168 /* DeskemoUITests.xctest */,
				EBE2943E21EE18520089B88B /* Domain.framework */,
				EBE2944621EE18520089B88B /* DomainTests.xctest */,
				EBE2946D21EE24330089B88B /* CoreDataPlatform.framework */,
				EBE2947521EE24330089B88B /* CoreDataPlatformTests.xctest */,
			);
			name = Products;
			sourceTree = "<group>";
		};
		EB2EA16421EDF9AA00112168 /* Deskemo */ = {
			isa = PBXGroup;
			children = (
				EBE294B821EEB68B0089B88B /* Application */,
				EBE294B921EEB6990089B88B /* Common */,
				EBE294BE21EEC8E50089B88B /* Scenes */,
				EBE294D221EED6D50089B88B /* Utility */,
				EB2EA16521EDF9AA00112168 /* AppDelegate.swift */,
				EB2EA16721EDF9AA00112168 /* ViewController.swift */,
				EB2EA16921EDF9AA00112168 /* Main.storyboard */,
				EB2EA16F21EDF9AB00112168 /* Assets.xcassets */,
				EB2EA17121EDF9AB00112168 /* LaunchScreen.storyboard */,
				EB2EA17421EDF9AB00112168 /* Info.plist */,
				EB2EA16C21EDF9AA00112168 /* Deskemo.xcdatamodeld */,
			);
			path = Deskemo;
			sourceTree = "<group>";
		};
		EB2EA17C21EDF9AB00112168 /* DeskemoTests */ = {
			isa = PBXGroup;
			children = (
				EB2EA17D21EDF9AB00112168 /* DeskemoTests.swift */,
				EB2EA17F21EDF9AB00112168 /* Info.plist */,
			);
			path = DeskemoTests;
			sourceTree = "<group>";
		};
		EB2EA18721EDF9AB00112168 /* DeskemoUITests */ = {
			isa = PBXGroup;
			children = (
				EB2EA18821EDF9AB00112168 /* DeskemoUITests.swift */,
				EB2EA18A21EDF9AB00112168 /* Info.plist */,
			);
			path = DeskemoUITests;
			sourceTree = "<group>";
		};
		EBE2943F21EE18520089B88B /* Domain */ = {
			isa = PBXGroup;
			children = (
				EBE2946121EE21520089B88B /* UseCases */,
				EBE2945C21EE18660089B88B /* Entries */,
				EBE2944021EE18520089B88B /* Domain.h */,
				EBE2944121EE18520089B88B /* Info.plist */,
			);
			path = Domain;
			sourceTree = "<group>";
		};
		EBE2944C21EE18520089B88B /* DomainTests */ = {
			isa = PBXGroup;
			children = (
				EBE2944D21EE18520089B88B /* DomainTests.swift */,
				EBE2944F21EE18520089B88B /* Info.plist */,
			);
			path = DomainTests;
			sourceTree = "<group>";
		};
		EBE2945C21EE18660089B88B /* Entries */ = {
			isa = PBXGroup;
			children = (
				EBE2945D21EE18BC0089B88B /* Post.swift */,
				EBE2945F21EE1DBB0089B88B /* User.swift */,
			);
			path = Entries;
			sourceTree = "<group>";
		};
		EBE2946121EE21520089B88B /* UseCases */ = {
			isa = PBXGroup;
			children = (
				EBE2946221EE21680089B88B /* PostsUseCase.swift */,
				EBE2946421EE23320089B88B /* UserUseCase.swift */,
				EBE2946621EE23860089B88B /* UseCaseProvider.swift */,
			);
			path = UseCases;
			sourceTree = "<group>";
		};
		EBE2946E21EE24330089B88B /* CoreDataPlatform */ = {
			isa = PBXGroup;
			children = (
				EBE294AE21EE44D90089B88B /* CoreDataStack */,
				EBE2948D21EE2ABC0089B88B /* Entities */,
				EBE294A021EE38810089B88B /* Extensions */,
				EBE294A921EE40C60089B88B /* Repository */,
				EBE2949B21EE2E7D0089B88B /* RxCoreData */,
				EBE294B121EE46970089B88B /* UseCases */,
				EBE2946F21EE24330089B88B /* CoreDataPlatform.h */,
				EBE2947021EE24330089B88B /* Info.plist */,
				EBE2948A21EE28070089B88B /* Model.xcdatamodeld */,
			);
			path = CoreDataPlatform;
			sourceTree = "<group>";
		};
		EBE2947B21EE24330089B88B /* CoreDataPlatformTests */ = {
			isa = PBXGroup;
			children = (
				EBE2947C21EE24330089B88B /* CoreDataPlatformTests.swift */,
				EBE2947E21EE24330089B88B /* Info.plist */,
			);
			path = CoreDataPlatformTests;
			sourceTree = "<group>";
		};
		EBE2948D21EE2ABC0089B88B /* Entities */ = {
			isa = PBXGroup;
			children = (
				EBE2949621EE2AEC0089B88B /* Convertion */,
				EBE2949121EE2AD60089B88B /* CDUser+CoreDataClass.swift */,
				EBE2948E21EE2AD60089B88B /* CDUser+CoreDataProperties.swift */,
				EBE294A721EE3E170089B88B /* CDUser+Ext.swift */,
				EBE2949021EE2AD60089B88B /* CDPost+CoreDataClass.swift */,
				EBE2948F21EE2AD60089B88B /* CDPost+CoreDataProperties.swift */,
				EBE294A521EE3AFA0089B88B /* CDPost+Ext.swift */,
			);
			path = Entities;
			sourceTree = "<group>";
		};
		EBE2949621EE2AEC0089B88B /* Convertion */ = {
			isa = PBXGroup;
			children = (
				EBE2949721EE2B0C0089B88B /* DomainConvertibleType.swift */,
				EBE2949921EE2BCF0089B88B /* Persistable.swift */,
			);
			path = Convertion;
			sourceTree = "<group>";
		};
		EBE2949B21EE2E7D0089B88B /* RxCoreData */ = {
			isa = PBXGroup;
			children = (
				EBE2949C21EE2EA30089B88B /* NSManagedObjectContext+Rx.swift */,
				EBE2949E21EE30CE0089B88B /* FetchedResultsControllerEntityObserver.swift */,
				EBE294AC21EE41E90089B88B /* ContextScheduler.swift */,
			);
			path = RxCoreData;
			sourceTree = "<group>";
		};
		EBE294A021EE38810089B88B /* Extensions */ = {
			isa = PBXGroup;
			children = (
				EBE294A121EE38980089B88B /* NSManagedObjectContext+Ext.swift */,
				EBE294A321EE39B00089B88B /* Observable+Ext.swift */,
			);
			path = Extensions;
			sourceTree = "<group>";
		};
		EBE294A921EE40C60089B88B /* Repository */ = {
			isa = PBXGroup;
			children = (
				EBE294AA21EE40D70089B88B /* Repository.swift */,
			);
			path = Repository;
			sourceTree = "<group>";
		};
		EBE294AE21EE44D90089B88B /* CoreDataStack */ = {
			isa = PBXGroup;
			children = (
				EBE294AF21EE44EC0089B88B /* CoreDataStack.swift */,
			);
			path = CoreDataStack;
			sourceTree = "<group>";
		};
		EBE294B121EE46970089B88B /* UseCases */ = {
			isa = PBXGroup;
			children = (
				EBE294B221EE46AF0089B88B /* PostsUseCase.swift */,
				EBE294B621EE488A0089B88B /* UserUserCase.swift */,
				EBE294B421EE46C00089B88B /* UseCaseProvider.swift */,
			);
			path = UseCases;
			sourceTree = "<group>";
		};
		EBE294B821EEB68B0089B88B /* Application */ = {
			isa = PBXGroup;
			children = (
				EBE294BC21EEB6C50089B88B /* Application.swift */,
			);
			path = Application;
			sourceTree = "<group>";
		};
		EBE294B921EEB6990089B88B /* Common */ = {
			isa = PBXGroup;
			children = (
				EBE294BA21EEB6B00089B88B /* ViewModelType.swift */,
			);
			path = Common;
			sourceTree = "<group>";
		};
		EBE294BE21EEC8E50089B88B /* Scenes */ = {
			isa = PBXGroup;
			children = (
				EBE294DB21EF03D80089B88B /* Tabbar */,
				EBE294C521EECA280089B88B /* SignUp */,
				EBE294C421EECA220089B88B /* Login */,
				EBE294C121EEC9EF0089B88B /* Favorites */,
				EBE294C021EEC9E30089B88B /* Items */,
				EBE294BF21EEC9D60089B88B /* User */,
			);
			path = Scenes;
			sourceTree = "<group>";
		};
		EBE294BF21EEC9D60089B88B /* User */ = {
			isa = PBXGroup;
			children = (
				EBE294C221EECA0F0089B88B /* UserNavigator.swift */,
				EBE294E021EF04390089B88B /* UserViewController.swift */,
			);
			path = User;
			sourceTree = "<group>";
		};
		EBE294C021EEC9E30089B88B /* Items */ = {
			isa = PBXGroup;
			children = (
				EBE294CC21EECD5B0089B88B /* ItemsNavigator.swift */,
				EBE294DE21EF042F0089B88B /* ItemsViewController.swift */,
			);
			path = Items;
			sourceTree = "<group>";
		};
		EBE294C121EEC9EF0089B88B /* Favorites */ = {
			isa = PBXGroup;
			children = (
				EBE294CA21EECD370089B88B /* FavoritesNavigator.swift */,
				EBE294DC21EF040A0089B88B /* FavoritesViewController.swift */,
			);
			path = Favorites;
			sourceTree = "<group>";
		};
		EBE294C421EECA220089B88B /* Login */ = {
			isa = PBXGroup;
			children = (
				EBE294C821EECD280089B88B /* LoginNavigator.swift */,
				EBE294CE21EED33B0089B88B /* LoginViewModel.swift */,
				EBE294D021EED46D0089B88B /* LoginViewController.swift */,
			);
			path = Login;
			sourceTree = "<group>";
		};
		EBE294C521EECA280089B88B /* SignUp */ = {
			isa = PBXGroup;
			children = (
				EBE294C621EECD190089B88B /* SignUpNavigator.swift */,
				EBE294D721EEDB4B0089B88B /* SignUpViewModel.swift */,
				EBE294D521EEDAD10089B88B /* SignUpViewController.swift */,
			);
			path = SignUp;
			sourceTree = "<group>";
		};
		EBE294D221EED6D50089B88B /* Utility */ = {
			isa = PBXGroup;
			children = (
				EBE294D321EED6EC0089B88B /* Reusable.swift */,
			);
			path = Utility;
			sourceTree = "<group>";
		};
		EBE294DB21EF03D80089B88B /* Tabbar */ = {
			isa = PBXGroup;
			children = (
				EBE294D921EF017C0089B88B /* MainNavigator.swift */,
			);
			path = Tabbar;
			sourceTree = "<group>";
		};
/* End PBXGroup section */

/* Begin PBXHeadersBuildPhase section */
		EBE2943921EE18520089B88B /* Headers */ = {
			isa = PBXHeadersBuildPhase;
			buildActionMask = 2147483647;
			files = (
				EBE2945021EE18520089B88B /* Domain.h in Headers */,
			);
			runOnlyForDeploymentPostprocessing = 0;
		};
		EBE2946821EE24330089B88B /* Headers */ = {
			isa = PBXHeadersBuildPhase;
			buildActionMask = 2147483647;
			files = (
				EBE2947F21EE24330089B88B /* CoreDataPlatform.h in Headers */,
			);
			runOnlyForDeploymentPostprocessing = 0;
		};
/* End PBXHeadersBuildPhase section */

/* Begin PBXNativeTarget section */
		EB2EA16121EDF9AA00112168 /* Deskemo */ = {
			isa = PBXNativeTarget;
			buildConfigurationList = EB2EA18D21EDF9AB00112168 /* Build configuration list for PBXNativeTarget "Deskemo" */;
			buildPhases = (
				6C8929558DC3AA75BDB865DE /* [CP] Check Pods Manifest.lock */,
				EB2EA15E21EDF9AA00112168 /* Sources */,
				EB2EA15F21EDF9AA00112168 /* Frameworks */,
				EB2EA16021EDF9AA00112168 /* Resources */,
				EBE2945A21EE18520089B88B /* Embed Frameworks */,
				CA3FD1BC3F68E43FA92B18C9 /* [CP] Embed Pods Frameworks */,
			);
			buildRules = (
			);
			dependencies = (
				EBE2945221EE18520089B88B /* PBXTargetDependency */,
				EBE2948121EE24330089B88B /* PBXTargetDependency */,
			);
			name = Deskemo;
			productName = Deskemo;
			productReference = EB2EA16221EDF9AA00112168 /* Deskemo.app */;
			productType = "com.apple.product-type.application";
		};
		EB2EA17821EDF9AB00112168 /* DeskemoTests */ = {
			isa = PBXNativeTarget;
			buildConfigurationList = EB2EA19021EDF9AB00112168 /* Build configuration list for PBXNativeTarget "DeskemoTests" */;
			buildPhases = (
				BAC88F04215637F867C5F2EE /* [CP] Check Pods Manifest.lock */,
				EB2EA17521EDF9AB00112168 /* Sources */,
				EB2EA17621EDF9AB00112168 /* Frameworks */,
				EB2EA17721EDF9AB00112168 /* Resources */,
			);
			buildRules = (
			);
			dependencies = (
				EB2EA17B21EDF9AB00112168 /* PBXTargetDependency */,
			);
			name = DeskemoTests;
			productName = DeskemoTests;
			productReference = EB2EA17921EDF9AB00112168 /* DeskemoTests.xctest */;
			productType = "com.apple.product-type.bundle.unit-test";
		};
		EB2EA18321EDF9AB00112168 /* DeskemoUITests */ = {
			isa = PBXNativeTarget;
			buildConfigurationList = EB2EA19321EDF9AB00112168 /* Build configuration list for PBXNativeTarget "DeskemoUITests" */;
			buildPhases = (
				5B1A8D1229F0FDDB6C1CD6EF /* [CP] Check Pods Manifest.lock */,
				EB2EA18021EDF9AB00112168 /* Sources */,
				EB2EA18121EDF9AB00112168 /* Frameworks */,
				EB2EA18221EDF9AB00112168 /* Resources */,
			);
			buildRules = (
			);
			dependencies = (
				EB2EA18621EDF9AB00112168 /* PBXTargetDependency */,
			);
			name = DeskemoUITests;
			productName = DeskemoUITests;
			productReference = EB2EA18421EDF9AB00112168 /* DeskemoUITests.xctest */;
			productType = "com.apple.product-type.bundle.ui-testing";
		};
		EBE2943D21EE18520089B88B /* Domain */ = {
			isa = PBXNativeTarget;
			buildConfigurationList = EBE2945921EE18520089B88B /* Build configuration list for PBXNativeTarget "Domain" */;
			buildPhases = (
				6A7EAB2D9B05FDBF3353A757 /* [CP] Check Pods Manifest.lock */,
				EBE2943921EE18520089B88B /* Headers */,
				EBE2943A21EE18520089B88B /* Sources */,
				EBE2943B21EE18520089B88B /* Frameworks */,
				EBE2943C21EE18520089B88B /* Resources */,
			);
			buildRules = (
			);
			dependencies = (
			);
			name = Domain;
			productName = Domain;
			productReference = EBE2943E21EE18520089B88B /* Domain.framework */;
			productType = "com.apple.product-type.framework";
		};
		EBE2944521EE18520089B88B /* DomainTests */ = {
			isa = PBXNativeTarget;
			buildConfigurationList = EBE2945B21EE18520089B88B /* Build configuration list for PBXNativeTarget "DomainTests" */;
			buildPhases = (
				2EB99153D62D335399125162 /* [CP] Check Pods Manifest.lock */,
				EBE2944221EE18520089B88B /* Sources */,
				EBE2944321EE18520089B88B /* Frameworks */,
				EBE2944421EE18520089B88B /* Resources */,
				1F7D688605C2D5E912CE98AE /* [CP] Embed Pods Frameworks */,
			);
			buildRules = (
			);
			dependencies = (
				EBE2944921EE18520089B88B /* PBXTargetDependency */,
				EBE2944B21EE18520089B88B /* PBXTargetDependency */,
			);
			name = DomainTests;
			productName = DomainTests;
			productReference = EBE2944621EE18520089B88B /* DomainTests.xctest */;
			productType = "com.apple.product-type.bundle.unit-test";
		};
		EBE2946C21EE24330089B88B /* CoreDataPlatform */ = {
			isa = PBXNativeTarget;
			buildConfigurationList = EBE2948421EE24330089B88B /* Build configuration list for PBXNativeTarget "CoreDataPlatform" */;
			buildPhases = (
				A46E4CF3553B2CE281056F1F /* [CP] Check Pods Manifest.lock */,
				EBE2946821EE24330089B88B /* Headers */,
				EBE2946921EE24330089B88B /* Sources */,
				EBE2946A21EE24330089B88B /* Frameworks */,
				EBE2946B21EE24330089B88B /* Resources */,
			);
			buildRules = (
			);
			dependencies = (
			);
			name = CoreDataPlatform;
			productName = CoreDataPlatform;
			productReference = EBE2946D21EE24330089B88B /* CoreDataPlatform.framework */;
			productType = "com.apple.product-type.framework";
		};
		EBE2947421EE24330089B88B /* CoreDataPlatformTests */ = {
			isa = PBXNativeTarget;
			buildConfigurationList = EBE2948721EE24330089B88B /* Build configuration list for PBXNativeTarget "CoreDataPlatformTests" */;
			buildPhases = (
				EE9C936A4FEF2BF07CDB2E02 /* [CP] Check Pods Manifest.lock */,
				EBE2947121EE24330089B88B /* Sources */,
				EBE2947221EE24330089B88B /* Frameworks */,
				EBE2947321EE24330089B88B /* Resources */,
				68F7BCCACB19C305BAEE73D9 /* [CP] Embed Pods Frameworks */,
			);
			buildRules = (
			);
			dependencies = (
				EBE2947821EE24330089B88B /* PBXTargetDependency */,
				EBE2947A21EE24330089B88B /* PBXTargetDependency */,
			);
			name = CoreDataPlatformTests;
			productName = CoreDataPlatformTests;
			productReference = EBE2947521EE24330089B88B /* CoreDataPlatformTests.xctest */;
			productType = "com.apple.product-type.bundle.unit-test";
		};
/* End PBXNativeTarget section */

/* Begin PBXProject section */
		EB2EA15A21EDF9AA00112168 /* Project object */ = {
			isa = PBXProject;
			attributes = {
				LastSwiftUpdateCheck = 1000;
				LastUpgradeCheck = 1000;
				ORGANIZATIONNAME = RoverDream;
				TargetAttributes = {
					EB2EA16121EDF9AA00112168 = {
						CreatedOnToolsVersion = 10.0;
					};
					EB2EA17821EDF9AB00112168 = {
						CreatedOnToolsVersion = 10.0;
						TestTargetID = EB2EA16121EDF9AA00112168;
					};
					EB2EA18321EDF9AB00112168 = {
						CreatedOnToolsVersion = 10.0;
						TestTargetID = EB2EA16121EDF9AA00112168;
					};
					EBE2943D21EE18520089B88B = {
						CreatedOnToolsVersion = 10.0;
						LastSwiftMigration = 1000;
					};
					EBE2944521EE18520089B88B = {
						CreatedOnToolsVersion = 10.0;
						TestTargetID = EB2EA16121EDF9AA00112168;
					};
					EBE2946C21EE24330089B88B = {
						CreatedOnToolsVersion = 10.0;
					};
					EBE2947421EE24330089B88B = {
						CreatedOnToolsVersion = 10.0;
						TestTargetID = EB2EA16121EDF9AA00112168;
					};
				};
			};
			buildConfigurationList = EB2EA15D21EDF9AA00112168 /* Build configuration list for PBXProject "Deskemo" */;
			compatibilityVersion = "Xcode 9.3";
			developmentRegion = en;
			hasScannedForEncodings = 0;
			knownRegions = (
				en,
				Base,
			);
			mainGroup = EB2EA15921EDF9AA00112168;
			productRefGroup = EB2EA16321EDF9AA00112168 /* Products */;
			projectDirPath = "";
			projectRoot = "";
			targets = (
				EB2EA16121EDF9AA00112168 /* Deskemo */,
				EB2EA17821EDF9AB00112168 /* DeskemoTests */,
				EB2EA18321EDF9AB00112168 /* DeskemoUITests */,
				EBE2943D21EE18520089B88B /* Domain */,
				EBE2944521EE18520089B88B /* DomainTests */,
				EBE2946C21EE24330089B88B /* CoreDataPlatform */,
				EBE2947421EE24330089B88B /* CoreDataPlatformTests */,
			);
		};
/* End PBXProject section */

/* Begin PBXResourcesBuildPhase section */
		EB2EA16021EDF9AA00112168 /* Resources */ = {
			isa = PBXResourcesBuildPhase;
			buildActionMask = 2147483647;
			files = (
				EB2EA17321EDF9AB00112168 /* LaunchScreen.storyboard in Resources */,
				EB2EA17021EDF9AB00112168 /* Assets.xcassets in Resources */,
				EB2EA16B21EDF9AA00112168 /* Main.storyboard in Resources */,
			);
			runOnlyForDeploymentPostprocessing = 0;
		};
		EB2EA17721EDF9AB00112168 /* Resources */ = {
			isa = PBXResourcesBuildPhase;
			buildActionMask = 2147483647;
			files = (
			);
			runOnlyForDeploymentPostprocessing = 0;
		};
		EB2EA18221EDF9AB00112168 /* Resources */ = {
			isa = PBXResourcesBuildPhase;
			buildActionMask = 2147483647;
			files = (
			);
			runOnlyForDeploymentPostprocessing = 0;
		};
		EBE2943C21EE18520089B88B /* Resources */ = {
			isa = PBXResourcesBuildPhase;
			buildActionMask = 2147483647;
			files = (
			);
			runOnlyForDeploymentPostprocessing = 0;
		};
		EBE2944421EE18520089B88B /* Resources */ = {
			isa = PBXResourcesBuildPhase;
			buildActionMask = 2147483647;
			files = (
			);
			runOnlyForDeploymentPostprocessing = 0;
		};
		EBE2946B21EE24330089B88B /* Resources */ = {
			isa = PBXResourcesBuildPhase;
			buildActionMask = 2147483647;
			files = (
			);
			runOnlyForDeploymentPostprocessing = 0;
		};
		EBE2947321EE24330089B88B /* Resources */ = {
			isa = PBXResourcesBuildPhase;
			buildActionMask = 2147483647;
			files = (
			);
			runOnlyForDeploymentPostprocessing = 0;
		};
/* End PBXResourcesBuildPhase section */

/* Begin PBXShellScriptBuildPhase section */
		1F7D688605C2D5E912CE98AE /* [CP] Embed Pods Frameworks */ = {
			isa = PBXShellScriptBuildPhase;
			buildActionMask = 2147483647;
			files = (
			);
			inputPaths = (
				"${SRCROOT}/Pods/Target Support Files/Pods-DomainTests/Pods-DomainTests-frameworks.sh",
				"${BUILT_PRODUCTS_DIR}/RxAtomic/RxAtomic.framework",
				"${BUILT_PRODUCTS_DIR}/RxSwift/RxSwift.framework",
				"${BUILT_PRODUCTS_DIR}/Nimble/Nimble.framework",
				"${BUILT_PRODUCTS_DIR}/RxBlocking/RxBlocking.framework",
				"${BUILT_PRODUCTS_DIR}/RxTest/RxTest.framework",
			);
			name = "[CP] Embed Pods Frameworks";
			outputPaths = (
				"${TARGET_BUILD_DIR}/${FRAMEWORKS_FOLDER_PATH}/RxAtomic.framework",
				"${TARGET_BUILD_DIR}/${FRAMEWORKS_FOLDER_PATH}/RxSwift.framework",
				"${TARGET_BUILD_DIR}/${FRAMEWORKS_FOLDER_PATH}/Nimble.framework",
				"${TARGET_BUILD_DIR}/${FRAMEWORKS_FOLDER_PATH}/RxBlocking.framework",
				"${TARGET_BUILD_DIR}/${FRAMEWORKS_FOLDER_PATH}/RxTest.framework",
			);
			runOnlyForDeploymentPostprocessing = 0;
			shellPath = /bin/sh;
			shellScript = "\"${SRCROOT}/Pods/Target Support Files/Pods-DomainTests/Pods-DomainTests-frameworks.sh\"\n";
			showEnvVarsInLog = 0;
		};
		2EB99153D62D335399125162 /* [CP] Check Pods Manifest.lock */ = {
			isa = PBXShellScriptBuildPhase;
			buildActionMask = 2147483647;
			files = (
			);
			inputPaths = (
				"${PODS_PODFILE_DIR_PATH}/Podfile.lock",
				"${PODS_ROOT}/Manifest.lock",
			);
			name = "[CP] Check Pods Manifest.lock";
			outputPaths = (
				"$(DERIVED_FILE_DIR)/Pods-DomainTests-checkManifestLockResult.txt",
			);
			runOnlyForDeploymentPostprocessing = 0;
			shellPath = /bin/sh;
			shellScript = "diff \"${PODS_PODFILE_DIR_PATH}/Podfile.lock\" \"${PODS_ROOT}/Manifest.lock\" > /dev/null\nif [ $? != 0 ] ; then\n    # print error to STDERR\n    echo \"error: The sandbox is not in sync with the Podfile.lock. Run 'pod install' or update your CocoaPods installation.\" >&2\n    exit 1\nfi\n# This output is used by Xcode 'outputs' to avoid re-running this script phase.\necho \"SUCCESS\" > \"${SCRIPT_OUTPUT_FILE_0}\"\n";
			showEnvVarsInLog = 0;
		};
		5B1A8D1229F0FDDB6C1CD6EF /* [CP] Check Pods Manifest.lock */ = {
			isa = PBXShellScriptBuildPhase;
			buildActionMask = 2147483647;
			files = (
			);
			inputPaths = (
				"${PODS_PODFILE_DIR_PATH}/Podfile.lock",
				"${PODS_ROOT}/Manifest.lock",
			);
			name = "[CP] Check Pods Manifest.lock";
			outputPaths = (
				"$(DERIVED_FILE_DIR)/Pods-DeskemoUITests-checkManifestLockResult.txt",
			);
			runOnlyForDeploymentPostprocessing = 0;
			shellPath = /bin/sh;
			shellScript = "diff \"${PODS_PODFILE_DIR_PATH}/Podfile.lock\" \"${PODS_ROOT}/Manifest.lock\" > /dev/null\nif [ $? != 0 ] ; then\n    # print error to STDERR\n    echo \"error: The sandbox is not in sync with the Podfile.lock. Run 'pod install' or update your CocoaPods installation.\" >&2\n    exit 1\nfi\n# This output is used by Xcode 'outputs' to avoid re-running this script phase.\necho \"SUCCESS\" > \"${SCRIPT_OUTPUT_FILE_0}\"\n";
			showEnvVarsInLog = 0;
		};
		68F7BCCACB19C305BAEE73D9 /* [CP] Embed Pods Frameworks */ = {
			isa = PBXShellScriptBuildPhase;
			buildActionMask = 2147483647;
			files = (
			);
			inputPaths = (
				"${SRCROOT}/Pods/Target Support Files/Pods-CoreDataPlatformTests/Pods-CoreDataPlatformTests-frameworks.sh",
				"${BUILT_PRODUCTS_DIR}/RxAtomic/RxAtomic.framework",
				"${BUILT_PRODUCTS_DIR}/RxSwift/RxSwift.framework",
				"${BUILT_PRODUCTS_DIR}/Nimble/Nimble.framework",
				"${BUILT_PRODUCTS_DIR}/RxBlocking/RxBlocking.framework",
				"${BUILT_PRODUCTS_DIR}/RxTest/RxTest.framework",
				"${BUILT_PRODUCTS_DIR}/QueryKit/QueryKit.framework",
			);
			name = "[CP] Embed Pods Frameworks";
			outputPaths = (
				"${TARGET_BUILD_DIR}/${FRAMEWORKS_FOLDER_PATH}/RxAtomic.framework",
				"${TARGET_BUILD_DIR}/${FRAMEWORKS_FOLDER_PATH}/RxSwift.framework",
				"${TARGET_BUILD_DIR}/${FRAMEWORKS_FOLDER_PATH}/Nimble.framework",
				"${TARGET_BUILD_DIR}/${FRAMEWORKS_FOLDER_PATH}/RxBlocking.framework",
				"${TARGET_BUILD_DIR}/${FRAMEWORKS_FOLDER_PATH}/RxTest.framework",
				"${TARGET_BUILD_DIR}/${FRAMEWORKS_FOLDER_PATH}/QueryKit.framework",
			);
			runOnlyForDeploymentPostprocessing = 0;
			shellPath = /bin/sh;
			shellScript = "\"${SRCROOT}/Pods/Target Support Files/Pods-CoreDataPlatformTests/Pods-CoreDataPlatformTests-frameworks.sh\"\n";
			showEnvVarsInLog = 0;
		};
		6A7EAB2D9B05FDBF3353A757 /* [CP] Check Pods Manifest.lock */ = {
			isa = PBXShellScriptBuildPhase;
			buildActionMask = 2147483647;
			files = (
			);
			inputPaths = (
				"${PODS_PODFILE_DIR_PATH}/Podfile.lock",
				"${PODS_ROOT}/Manifest.lock",
			);
			name = "[CP] Check Pods Manifest.lock";
			outputPaths = (
				"$(DERIVED_FILE_DIR)/Pods-Domain-checkManifestLockResult.txt",
			);
			runOnlyForDeploymentPostprocessing = 0;
			shellPath = /bin/sh;
			shellScript = "diff \"${PODS_PODFILE_DIR_PATH}/Podfile.lock\" \"${PODS_ROOT}/Manifest.lock\" > /dev/null\nif [ $? != 0 ] ; then\n    # print error to STDERR\n    echo \"error: The sandbox is not in sync with the Podfile.lock. Run 'pod install' or update your CocoaPods installation.\" >&2\n    exit 1\nfi\n# This output is used by Xcode 'outputs' to avoid re-running this script phase.\necho \"SUCCESS\" > \"${SCRIPT_OUTPUT_FILE_0}\"\n";
			showEnvVarsInLog = 0;
		};
		6C8929558DC3AA75BDB865DE /* [CP] Check Pods Manifest.lock */ = {
			isa = PBXShellScriptBuildPhase;
			buildActionMask = 2147483647;
			files = (
			);
			inputPaths = (
				"${PODS_PODFILE_DIR_PATH}/Podfile.lock",
				"${PODS_ROOT}/Manifest.lock",
			);
			name = "[CP] Check Pods Manifest.lock";
			outputPaths = (
				"$(DERIVED_FILE_DIR)/Pods-Deskemo-checkManifestLockResult.txt",
			);
			runOnlyForDeploymentPostprocessing = 0;
			shellPath = /bin/sh;
			shellScript = "diff \"${PODS_PODFILE_DIR_PATH}/Podfile.lock\" \"${PODS_ROOT}/Manifest.lock\" > /dev/null\nif [ $? != 0 ] ; then\n    # print error to STDERR\n    echo \"error: The sandbox is not in sync with the Podfile.lock. Run 'pod install' or update your CocoaPods installation.\" >&2\n    exit 1\nfi\n# This output is used by Xcode 'outputs' to avoid re-running this script phase.\necho \"SUCCESS\" > \"${SCRIPT_OUTPUT_FILE_0}\"\n";
			showEnvVarsInLog = 0;
		};
		A46E4CF3553B2CE281056F1F /* [CP] Check Pods Manifest.lock */ = {
			isa = PBXShellScriptBuildPhase;
			buildActionMask = 2147483647;
			files = (
			);
			inputPaths = (
				"${PODS_PODFILE_DIR_PATH}/Podfile.lock",
				"${PODS_ROOT}/Manifest.lock",
			);
			name = "[CP] Check Pods Manifest.lock";
			outputPaths = (
				"$(DERIVED_FILE_DIR)/Pods-CoreDataPlatform-checkManifestLockResult.txt",
			);
			runOnlyForDeploymentPostprocessing = 0;
			shellPath = /bin/sh;
			shellScript = "diff \"${PODS_PODFILE_DIR_PATH}/Podfile.lock\" \"${PODS_ROOT}/Manifest.lock\" > /dev/null\nif [ $? != 0 ] ; then\n    # print error to STDERR\n    echo \"error: The sandbox is not in sync with the Podfile.lock. Run 'pod install' or update your CocoaPods installation.\" >&2\n    exit 1\nfi\n# This output is used by Xcode 'outputs' to avoid re-running this script phase.\necho \"SUCCESS\" > \"${SCRIPT_OUTPUT_FILE_0}\"\n";
			showEnvVarsInLog = 0;
		};
		BAC88F04215637F867C5F2EE /* [CP] Check Pods Manifest.lock */ = {
			isa = PBXShellScriptBuildPhase;
			buildActionMask = 2147483647;
			files = (
			);
			inputPaths = (
				"${PODS_PODFILE_DIR_PATH}/Podfile.lock",
				"${PODS_ROOT}/Manifest.lock",
			);
			name = "[CP] Check Pods Manifest.lock";
			outputPaths = (
				"$(DERIVED_FILE_DIR)/Pods-DeskemoTests-checkManifestLockResult.txt",
			);
			runOnlyForDeploymentPostprocessing = 0;
			shellPath = /bin/sh;
			shellScript = "diff \"${PODS_PODFILE_DIR_PATH}/Podfile.lock\" \"${PODS_ROOT}/Manifest.lock\" > /dev/null\nif [ $? != 0 ] ; then\n    # print error to STDERR\n    echo \"error: The sandbox is not in sync with the Podfile.lock. Run 'pod install' or update your CocoaPods installation.\" >&2\n    exit 1\nfi\n# This output is used by Xcode 'outputs' to avoid re-running this script phase.\necho \"SUCCESS\" > \"${SCRIPT_OUTPUT_FILE_0}\"\n";
			showEnvVarsInLog = 0;
		};
		CA3FD1BC3F68E43FA92B18C9 /* [CP] Embed Pods Frameworks */ = {
			isa = PBXShellScriptBuildPhase;
			buildActionMask = 2147483647;
			files = (
			);
			inputPaths = (
				"${SRCROOT}/Pods/Target Support Files/Pods-Deskemo/Pods-Deskemo-frameworks.sh",
				"${BUILT_PRODUCTS_DIR}/QueryKit/QueryKit.framework",
				"${BUILT_PRODUCTS_DIR}/RxAtomic/RxAtomic.framework",
				"${BUILT_PRODUCTS_DIR}/RxCocoa/RxCocoa.framework",
				"${BUILT_PRODUCTS_DIR}/RxSwift/RxSwift.framework",
			);
			name = "[CP] Embed Pods Frameworks";
			outputPaths = (
				"${TARGET_BUILD_DIR}/${FRAMEWORKS_FOLDER_PATH}/QueryKit.framework",
				"${TARGET_BUILD_DIR}/${FRAMEWORKS_FOLDER_PATH}/RxAtomic.framework",
				"${TARGET_BUILD_DIR}/${FRAMEWORKS_FOLDER_PATH}/RxCocoa.framework",
				"${TARGET_BUILD_DIR}/${FRAMEWORKS_FOLDER_PATH}/RxSwift.framework",
			);
			runOnlyForDeploymentPostprocessing = 0;
			shellPath = /bin/sh;
			shellScript = "\"${SRCROOT}/Pods/Target Support Files/Pods-Deskemo/Pods-Deskemo-frameworks.sh\"\n";
			showEnvVarsInLog = 0;
		};
		EE9C936A4FEF2BF07CDB2E02 /* [CP] Check Pods Manifest.lock */ = {
			isa = PBXShellScriptBuildPhase;
			buildActionMask = 2147483647;
			files = (
			);
			inputPaths = (
				"${PODS_PODFILE_DIR_PATH}/Podfile.lock",
				"${PODS_ROOT}/Manifest.lock",
			);
			name = "[CP] Check Pods Manifest.lock";
			outputPaths = (
				"$(DERIVED_FILE_DIR)/Pods-CoreDataPlatformTests-checkManifestLockResult.txt",
			);
			runOnlyForDeploymentPostprocessing = 0;
			shellPath = /bin/sh;
			shellScript = "diff \"${PODS_PODFILE_DIR_PATH}/Podfile.lock\" \"${PODS_ROOT}/Manifest.lock\" > /dev/null\nif [ $? != 0 ] ; then\n    # print error to STDERR\n    echo \"error: The sandbox is not in sync with the Podfile.lock. Run 'pod install' or update your CocoaPods installation.\" >&2\n    exit 1\nfi\n# This output is used by Xcode 'outputs' to avoid re-running this script phase.\necho \"SUCCESS\" > \"${SCRIPT_OUTPUT_FILE_0}\"\n";
			showEnvVarsInLog = 0;
		};
/* End PBXShellScriptBuildPhase section */

/* Begin PBXSourcesBuildPhase section */
		EB2EA15E21EDF9AA00112168 /* Sources */ = {
			isa = PBXSourcesBuildPhase;
			buildActionMask = 2147483647;
			files = (
				EBE294D121EED46D0089B88B /* LoginViewController.swift in Sources */,
				EBE294BD21EEB6C50089B88B /* Application.swift in Sources */,
				EBE294D421EED6EC0089B88B /* Reusable.swift in Sources */,
				EBE294BB21EEB6B00089B88B /* ViewModelType.swift in Sources */,
				EBE294CF21EED33B0089B88B /* LoginViewModel.swift in Sources */,
				EB2EA16821EDF9AA00112168 /* ViewController.swift in Sources */,
				EBE294C921EECD280089B88B /* LoginNavigator.swift in Sources */,
				EBE294D821EEDB4B0089B88B /* SignUpViewModel.swift in Sources */,
				EBE294DD21EF040A0089B88B /* FavoritesViewController.swift in Sources */,
				EB2EA16E21EDF9AA00112168 /* Deskemo.xcdatamodeld in Sources */,
				EBE294D621EEDAD10089B88B /* SignUpViewController.swift in Sources */,
				EBE294C721EECD190089B88B /* SignUpNavigator.swift in Sources */,
				EBE294CB21EECD370089B88B /* FavoritesNavigator.swift in Sources */,
				EBE294DF21EF042F0089B88B /* ItemsViewController.swift in Sources */,
				EBE294C321EECA0F0089B88B /* UserNavigator.swift in Sources */,
				EBE294CD21EECD5B0089B88B /* ItemsNavigator.swift in Sources */,
				EBE294DA21EF017C0089B88B /* MainNavigator.swift in Sources */,
				EB2EA16621EDF9AA00112168 /* AppDelegate.swift in Sources */,
				EBE294E121EF04390089B88B /* UserViewController.swift in Sources */,
			);
			runOnlyForDeploymentPostprocessing = 0;
		};
		EB2EA17521EDF9AB00112168 /* Sources */ = {
			isa = PBXSourcesBuildPhase;
			buildActionMask = 2147483647;
			files = (
				EB2EA17E21EDF9AB00112168 /* DeskemoTests.swift in Sources */,
			);
			runOnlyForDeploymentPostprocessing = 0;
		};
		EB2EA18021EDF9AB00112168 /* Sources */ = {
			isa = PBXSourcesBuildPhase;
			buildActionMask = 2147483647;
			files = (
				EB2EA18921EDF9AB00112168 /* DeskemoUITests.swift in Sources */,
			);
			runOnlyForDeploymentPostprocessing = 0;
		};
		EBE2943A21EE18520089B88B /* Sources */ = {
			isa = PBXSourcesBuildPhase;
			buildActionMask = 2147483647;
			files = (
				EBE2946521EE23320089B88B /* UserUseCase.swift in Sources */,
				EBE2946721EE23860089B88B /* UseCaseProvider.swift in Sources */,
				EBE2946021EE1DBB0089B88B /* User.swift in Sources */,
				EBE2946321EE21680089B88B /* PostsUseCase.swift in Sources */,
				EBE2945E21EE18BC0089B88B /* Post.swift in Sources */,
			);
			runOnlyForDeploymentPostprocessing = 0;
		};
		EBE2944221EE18520089B88B /* Sources */ = {
			isa = PBXSourcesBuildPhase;
			buildActionMask = 2147483647;
			files = (
				EBE2944E21EE18520089B88B /* DomainTests.swift in Sources */,
			);
			runOnlyForDeploymentPostprocessing = 0;
		};
		EBE2946921EE24330089B88B /* Sources */ = {
			isa = PBXSourcesBuildPhase;
			buildActionMask = 2147483647;
			files = (
				EBE2948C21EE28070089B88B /* Model.xcdatamodeld in Sources */,
				EBE2949221EE2AD60089B88B /* CDUser+CoreDataProperties.swift in Sources */,
				EBE2949D21EE2EA30089B88B /* NSManagedObjectContext+Rx.swift in Sources */,
				EBE2949A21EE2BCF0089B88B /* Persistable.swift in Sources */,
				EBE294A621EE3AFA0089B88B /* CDPost+Ext.swift in Sources */,
				EBE294A221EE38980089B88B /* NSManagedObjectContext+Ext.swift in Sources */,
				EBE294B721EE488A0089B88B /* UserUserCase.swift in Sources */,
				EBE2949F21EE30CE0089B88B /* FetchedResultsControllerEntityObserver.swift in Sources */,
				EBE294B021EE44EC0089B88B /* CoreDataStack.swift in Sources */,
				EBE294AB21EE40D70089B88B /* Repository.swift in Sources */,
				EBE2949521EE2AD60089B88B /* CDUser+CoreDataClass.swift in Sources */,
				EBE294A821EE3E170089B88B /* CDUser+Ext.swift in Sources */,
				EBE294B321EE46AF0089B88B /* PostsUseCase.swift in Sources */,
				EBE2949421EE2AD60089B88B /* CDPost+CoreDataClass.swift in Sources */,
				EBE294A421EE39B00089B88B /* Observable+Ext.swift in Sources */,
				EBE2949321EE2AD60089B88B /* CDPost+CoreDataProperties.swift in Sources */,
				EBE2949821EE2B0C0089B88B /* DomainConvertibleType.swift in Sources */,
				EBE294B521EE46C00089B88B /* UseCaseProvider.swift in Sources */,
				EBE294AD21EE41E90089B88B /* ContextScheduler.swift in Sources */,
			);
			runOnlyForDeploymentPostprocessing = 0;
		};
		EBE2947121EE24330089B88B /* Sources */ = {
			isa = PBXSourcesBuildPhase;
			buildActionMask = 2147483647;
			files = (
				EBE2947D21EE24330089B88B /* CoreDataPlatformTests.swift in Sources */,
			);
			runOnlyForDeploymentPostprocessing = 0;
		};
/* End PBXSourcesBuildPhase section */

/* Begin PBXTargetDependency section */
		EB2EA17B21EDF9AB00112168 /* PBXTargetDependency */ = {
			isa = PBXTargetDependency;
			target = EB2EA16121EDF9AA00112168 /* Deskemo */;
			targetProxy = EB2EA17A21EDF9AB00112168 /* PBXContainerItemProxy */;
		};
		EB2EA18621EDF9AB00112168 /* PBXTargetDependency */ = {
			isa = PBXTargetDependency;
			target = EB2EA16121EDF9AA00112168 /* Deskemo */;
			targetProxy = EB2EA18521EDF9AB00112168 /* PBXContainerItemProxy */;
		};
		EBE2944921EE18520089B88B /* PBXTargetDependency */ = {
			isa = PBXTargetDependency;
			target = EBE2943D21EE18520089B88B /* Domain */;
			targetProxy = EBE2944821EE18520089B88B /* PBXContainerItemProxy */;
		};
		EBE2944B21EE18520089B88B /* PBXTargetDependency */ = {
			isa = PBXTargetDependency;
			target = EB2EA16121EDF9AA00112168 /* Deskemo */;
			targetProxy = EBE2944A21EE18520089B88B /* PBXContainerItemProxy */;
		};
		EBE2945221EE18520089B88B /* PBXTargetDependency */ = {
			isa = PBXTargetDependency;
			target = EBE2943D21EE18520089B88B /* Domain */;
			targetProxy = EBE2945121EE18520089B88B /* PBXContainerItemProxy */;
		};
		EBE2947821EE24330089B88B /* PBXTargetDependency */ = {
			isa = PBXTargetDependency;
			target = EBE2946C21EE24330089B88B /* CoreDataPlatform */;
			targetProxy = EBE2947721EE24330089B88B /* PBXContainerItemProxy */;
		};
		EBE2947A21EE24330089B88B /* PBXTargetDependency */ = {
			isa = PBXTargetDependency;
			target = EB2EA16121EDF9AA00112168 /* Deskemo */;
			targetProxy = EBE2947921EE24330089B88B /* PBXContainerItemProxy */;
		};
		EBE2948121EE24330089B88B /* PBXTargetDependency */ = {
			isa = PBXTargetDependency;
			target = EBE2946C21EE24330089B88B /* CoreDataPlatform */;
			targetProxy = EBE2948021EE24330089B88B /* PBXContainerItemProxy */;
		};
/* End PBXTargetDependency section */

/* Begin PBXVariantGroup section */
		EB2EA16921EDF9AA00112168 /* Main.storyboard */ = {
			isa = PBXVariantGroup;
			children = (
				EB2EA16A21EDF9AA00112168 /* Base */,
			);
			name = Main.storyboard;
			sourceTree = "<group>";
		};
		EB2EA17121EDF9AB00112168 /* LaunchScreen.storyboard */ = {
			isa = PBXVariantGroup;
			children = (
				EB2EA17221EDF9AB00112168 /* Base */,
			);
			name = LaunchScreen.storyboard;
			sourceTree = "<group>";
		};
/* End PBXVariantGroup section */

/* Begin XCBuildConfiguration section */
		EB2EA18B21EDF9AB00112168 /* Debug */ = {
			isa = XCBuildConfiguration;
			buildSettings = {
				ALWAYS_SEARCH_USER_PATHS = NO;
				CLANG_ANALYZER_NONNULL = YES;
				CLANG_ANALYZER_NUMBER_OBJECT_CONVERSION = YES_AGGRESSIVE;
				CLANG_CXX_LANGUAGE_STANDARD = "gnu++14";
				CLANG_CXX_LIBRARY = "libc++";
				CLANG_ENABLE_MODULES = YES;
				CLANG_ENABLE_OBJC_ARC = YES;
				CLANG_ENABLE_OBJC_WEAK = YES;
				CLANG_WARN_BLOCK_CAPTURE_AUTORELEASING = YES;
				CLANG_WARN_BOOL_CONVERSION = YES;
				CLANG_WARN_COMMA = YES;
				CLANG_WARN_CONSTANT_CONVERSION = YES;
				CLANG_WARN_DEPRECATED_OBJC_IMPLEMENTATIONS = YES;
				CLANG_WARN_DIRECT_OBJC_ISA_USAGE = YES_ERROR;
				CLANG_WARN_DOCUMENTATION_COMMENTS = YES;
				CLANG_WARN_EMPTY_BODY = YES;
				CLANG_WARN_ENUM_CONVERSION = YES;
				CLANG_WARN_INFINITE_RECURSION = YES;
				CLANG_WARN_INT_CONVERSION = YES;
				CLANG_WARN_NON_LITERAL_NULL_CONVERSION = YES;
				CLANG_WARN_OBJC_IMPLICIT_RETAIN_SELF = YES;
				CLANG_WARN_OBJC_LITERAL_CONVERSION = YES;
				CLANG_WARN_OBJC_ROOT_CLASS = YES_ERROR;
				CLANG_WARN_RANGE_LOOP_ANALYSIS = YES;
				CLANG_WARN_STRICT_PROTOTYPES = YES;
				CLANG_WARN_SUSPICIOUS_MOVE = YES;
				CLANG_WARN_UNGUARDED_AVAILABILITY = YES_AGGRESSIVE;
				CLANG_WARN_UNREACHABLE_CODE = YES;
				CLANG_WARN__DUPLICATE_METHOD_MATCH = YES;
				CODE_SIGN_IDENTITY = "iPhone Developer";
				COPY_PHASE_STRIP = NO;
				DEBUG_INFORMATION_FORMAT = dwarf;
				ENABLE_STRICT_OBJC_MSGSEND = YES;
				ENABLE_TESTABILITY = YES;
				GCC_C_LANGUAGE_STANDARD = gnu11;
				GCC_DYNAMIC_NO_PIC = NO;
				GCC_NO_COMMON_BLOCKS = YES;
				GCC_OPTIMIZATION_LEVEL = 0;
				GCC_PREPROCESSOR_DEFINITIONS = (
					"DEBUG=1",
					"$(inherited)",
				);
				GCC_WARN_64_TO_32_BIT_CONVERSION = YES;
				GCC_WARN_ABOUT_RETURN_TYPE = YES_ERROR;
				GCC_WARN_UNDECLARED_SELECTOR = YES;
				GCC_WARN_UNINITIALIZED_AUTOS = YES_AGGRESSIVE;
				GCC_WARN_UNUSED_FUNCTION = YES;
				GCC_WARN_UNUSED_VARIABLE = YES;
				IPHONEOS_DEPLOYMENT_TARGET = 12.0;
				MTL_ENABLE_DEBUG_INFO = INCLUDE_SOURCE;
				MTL_FAST_MATH = YES;
				ONLY_ACTIVE_ARCH = YES;
				SDKROOT = iphoneos;
				SWIFT_ACTIVE_COMPILATION_CONDITIONS = DEBUG;
				SWIFT_OPTIMIZATION_LEVEL = "-Onone";
			};
			name = Debug;
		};
		EB2EA18C21EDF9AB00112168 /* Release */ = {
			isa = XCBuildConfiguration;
			buildSettings = {
				ALWAYS_SEARCH_USER_PATHS = NO;
				CLANG_ANALYZER_NONNULL = YES;
				CLANG_ANALYZER_NUMBER_OBJECT_CONVERSION = YES_AGGRESSIVE;
				CLANG_CXX_LANGUAGE_STANDARD = "gnu++14";
				CLANG_CXX_LIBRARY = "libc++";
				CLANG_ENABLE_MODULES = YES;
				CLANG_ENABLE_OBJC_ARC = YES;
				CLANG_ENABLE_OBJC_WEAK = YES;
				CLANG_WARN_BLOCK_CAPTURE_AUTORELEASING = YES;
				CLANG_WARN_BOOL_CONVERSION = YES;
				CLANG_WARN_COMMA = YES;
				CLANG_WARN_CONSTANT_CONVERSION = YES;
				CLANG_WARN_DEPRECATED_OBJC_IMPLEMENTATIONS = YES;
				CLANG_WARN_DIRECT_OBJC_ISA_USAGE = YES_ERROR;
				CLANG_WARN_DOCUMENTATION_COMMENTS = YES;
				CLANG_WARN_EMPTY_BODY = YES;
				CLANG_WARN_ENUM_CONVERSION = YES;
				CLANG_WARN_INFINITE_RECURSION = YES;
				CLANG_WARN_INT_CONVERSION = YES;
				CLANG_WARN_NON_LITERAL_NULL_CONVERSION = YES;
				CLANG_WARN_OBJC_IMPLICIT_RETAIN_SELF = YES;
				CLANG_WARN_OBJC_LITERAL_CONVERSION = YES;
				CLANG_WARN_OBJC_ROOT_CLASS = YES_ERROR;
				CLANG_WARN_RANGE_LOOP_ANALYSIS = YES;
				CLANG_WARN_STRICT_PROTOTYPES = YES;
				CLANG_WARN_SUSPICIOUS_MOVE = YES;
				CLANG_WARN_UNGUARDED_AVAILABILITY = YES_AGGRESSIVE;
				CLANG_WARN_UNREACHABLE_CODE = YES;
				CLANG_WARN__DUPLICATE_METHOD_MATCH = YES;
				CODE_SIGN_IDENTITY = "iPhone Developer";
				COPY_PHASE_STRIP = NO;
				DEBUG_INFORMATION_FORMAT = "dwarf-with-dsym";
				ENABLE_NS_ASSERTIONS = NO;
				ENABLE_STRICT_OBJC_MSGSEND = YES;
				GCC_C_LANGUAGE_STANDARD = gnu11;
				GCC_NO_COMMON_BLOCKS = YES;
				GCC_WARN_64_TO_32_BIT_CONVERSION = YES;
				GCC_WARN_ABOUT_RETURN_TYPE = YES_ERROR;
				GCC_WARN_UNDECLARED_SELECTOR = YES;
				GCC_WARN_UNINITIALIZED_AUTOS = YES_AGGRESSIVE;
				GCC_WARN_UNUSED_FUNCTION = YES;
				GCC_WARN_UNUSED_VARIABLE = YES;
				IPHONEOS_DEPLOYMENT_TARGET = 12.0;
				MTL_ENABLE_DEBUG_INFO = NO;
				MTL_FAST_MATH = YES;
				SDKROOT = iphoneos;
				SWIFT_COMPILATION_MODE = wholemodule;
				SWIFT_OPTIMIZATION_LEVEL = "-O";
				VALIDATE_PRODUCT = YES;
			};
			name = Release;
		};
		EB2EA18E21EDF9AB00112168 /* Debug */ = {
			isa = XCBuildConfiguration;
			baseConfigurationReference = D50BEEF9F207B6B29CD00FD0 /* Pods-Deskemo.debug.xcconfig */;
			buildSettings = {
				ALWAYS_EMBED_SWIFT_STANDARD_LIBRARIES = YES;
				ASSETCATALOG_COMPILER_APPICON_NAME = AppIcon;
				CODE_SIGN_STYLE = Automatic;
				DEVELOPMENT_TEAM = QWZQFWGZMG;
				INFOPLIST_FILE = Deskemo/Info.plist;
				LD_RUNPATH_SEARCH_PATHS = (
					"$(inherited)",
					"@executable_path/Frameworks",
				);
				PRODUCT_BUNDLE_IDENTIFIER = com.roverdream.deskemo;
				PRODUCT_NAME = "$(TARGET_NAME)";
				SWIFT_VERSION = 4.2;
				TARGETED_DEVICE_FAMILY = "1,2";
			};
			name = Debug;
		};
		EB2EA18F21EDF9AB00112168 /* Release */ = {
			isa = XCBuildConfiguration;
			baseConfigurationReference = 42BC9D8E51EB6D136BFB7900 /* Pods-Deskemo.release.xcconfig */;
			buildSettings = {
				ALWAYS_EMBED_SWIFT_STANDARD_LIBRARIES = YES;
				ASSETCATALOG_COMPILER_APPICON_NAME = AppIcon;
				CODE_SIGN_STYLE = Automatic;
				DEVELOPMENT_TEAM = QWZQFWGZMG;
				INFOPLIST_FILE = Deskemo/Info.plist;
				LD_RUNPATH_SEARCH_PATHS = (
					"$(inherited)",
					"@executable_path/Frameworks",
				);
				PRODUCT_BUNDLE_IDENTIFIER = com.roverdream.deskemo;
				PRODUCT_NAME = "$(TARGET_NAME)";
				SWIFT_VERSION = 4.2;
				TARGETED_DEVICE_FAMILY = "1,2";
			};
			name = Release;
		};
		EB2EA19121EDF9AB00112168 /* Debug */ = {
			isa = XCBuildConfiguration;
			baseConfigurationReference = F1285EA88620502DF49EFC88 /* Pods-DeskemoTests.debug.xcconfig */;
			buildSettings = {
				ALWAYS_EMBED_SWIFT_STANDARD_LIBRARIES = YES;
				BUNDLE_LOADER = "$(TEST_HOST)";
				CODE_SIGN_STYLE = Automatic;
				DEVELOPMENT_TEAM = QWZQFWGZMG;
				INFOPLIST_FILE = DeskemoTests/Info.plist;
				LD_RUNPATH_SEARCH_PATHS = (
					"$(inherited)",
					"@executable_path/Frameworks",
					"@loader_path/Frameworks",
				);
				PRODUCT_BUNDLE_IDENTIFIER = com.roverdream.deskemo.DeskemoTests;
				PRODUCT_NAME = "$(TARGET_NAME)";
				SWIFT_VERSION = 4.2;
				TARGETED_DEVICE_FAMILY = "1,2";
				TEST_HOST = "$(BUILT_PRODUCTS_DIR)/Deskemo.app/Deskemo";
			};
			name = Debug;
		};
		EB2EA19221EDF9AB00112168 /* Release */ = {
			isa = XCBuildConfiguration;
			baseConfigurationReference = 11DE27A816B070AB9700CE35 /* Pods-DeskemoTests.release.xcconfig */;
			buildSettings = {
				ALWAYS_EMBED_SWIFT_STANDARD_LIBRARIES = YES;
				BUNDLE_LOADER = "$(TEST_HOST)";
				CODE_SIGN_STYLE = Automatic;
				DEVELOPMENT_TEAM = QWZQFWGZMG;
				INFOPLIST_FILE = DeskemoTests/Info.plist;
				LD_RUNPATH_SEARCH_PATHS = (
					"$(inherited)",
					"@executable_path/Frameworks",
					"@loader_path/Frameworks",
				);
				PRODUCT_BUNDLE_IDENTIFIER = com.roverdream.deskemo.DeskemoTests;
				PRODUCT_NAME = "$(TARGET_NAME)";
				SWIFT_VERSION = 4.2;
				TARGETED_DEVICE_FAMILY = "1,2";
				TEST_HOST = "$(BUILT_PRODUCTS_DIR)/Deskemo.app/Deskemo";
			};
			name = Release;
		};
		EB2EA19421EDF9AB00112168 /* Debug */ = {
			isa = XCBuildConfiguration;
			baseConfigurationReference = 4741C6FF8721E9716201BCC9 /* Pods-DeskemoUITests.debug.xcconfig */;
			buildSettings = {
				ALWAYS_EMBED_SWIFT_STANDARD_LIBRARIES = YES;
				CODE_SIGN_STYLE = Automatic;
				DEVELOPMENT_TEAM = QWZQFWGZMG;
				INFOPLIST_FILE = DeskemoUITests/Info.plist;
				LD_RUNPATH_SEARCH_PATHS = (
					"$(inherited)",
					"@executable_path/Frameworks",
					"@loader_path/Frameworks",
				);
				PRODUCT_BUNDLE_IDENTIFIER = com.roverdream.deskemo.DeskemoUITests;
				PRODUCT_NAME = "$(TARGET_NAME)";
				SWIFT_VERSION = 4.2;
				TARGETED_DEVICE_FAMILY = "1,2";
				TEST_TARGET_NAME = Deskemo;
			};
			name = Debug;
		};
		EB2EA19521EDF9AB00112168 /* Release */ = {
			isa = XCBuildConfiguration;
			baseConfigurationReference = 01A1AB3906E337DA10E8A143 /* Pods-DeskemoUITests.release.xcconfig */;
			buildSettings = {
				ALWAYS_EMBED_SWIFT_STANDARD_LIBRARIES = YES;
				CODE_SIGN_STYLE = Automatic;
				DEVELOPMENT_TEAM = QWZQFWGZMG;
				INFOPLIST_FILE = DeskemoUITests/Info.plist;
				LD_RUNPATH_SEARCH_PATHS = (
					"$(inherited)",
					"@executable_path/Frameworks",
					"@loader_path/Frameworks",
				);
				PRODUCT_BUNDLE_IDENTIFIER = com.roverdream.deskemo.DeskemoUITests;
				PRODUCT_NAME = "$(TARGET_NAME)";
				SWIFT_VERSION = 4.2;
				TARGETED_DEVICE_FAMILY = "1,2";
				TEST_TARGET_NAME = Deskemo;
			};
			name = Release;
		};
		EBE2945521EE18520089B88B /* Debug */ = {
			isa = XCBuildConfiguration;
			baseConfigurationReference = C95C9AC810007641F252E7B2 /* Pods-Domain.debug.xcconfig */;
			buildSettings = {
				CLANG_ENABLE_MODULES = YES;
				CODE_SIGN_IDENTITY = "";
				CODE_SIGN_STYLE = Automatic;
				CURRENT_PROJECT_VERSION = 1;
				DEFINES_MODULE = YES;
				DEVELOPMENT_TEAM = QWZQFWGZMG;
				DYLIB_COMPATIBILITY_VERSION = 1;
				DYLIB_CURRENT_VERSION = 1;
				DYLIB_INSTALL_NAME_BASE = "@rpath";
				INFOPLIST_FILE = Domain/Info.plist;
				INSTALL_PATH = "$(LOCAL_LIBRARY_DIR)/Frameworks";
				LD_RUNPATH_SEARCH_PATHS = (
					"$(inherited)",
					"@executable_path/Frameworks",
					"@loader_path/Frameworks",
				);
				PRODUCT_BUNDLE_IDENTIFIER = com.roverdream.deskemo.domain;
				PRODUCT_NAME = "$(TARGET_NAME:c99extidentifier)";
				SKIP_INSTALL = YES;
				SWIFT_OPTIMIZATION_LEVEL = "-Onone";
				SWIFT_VERSION = 4.2;
				TARGETED_DEVICE_FAMILY = "1,2";
				VERSIONING_SYSTEM = "apple-generic";
				VERSION_INFO_PREFIX = "";
			};
			name = Debug;
		};
		EBE2945621EE18520089B88B /* Release */ = {
			isa = XCBuildConfiguration;
			baseConfigurationReference = A387800A3BC1D6C8DE7650F1 /* Pods-Domain.release.xcconfig */;
			buildSettings = {
				CLANG_ENABLE_MODULES = YES;
				CODE_SIGN_IDENTITY = "";
				CODE_SIGN_STYLE = Automatic;
				CURRENT_PROJECT_VERSION = 1;
				DEFINES_MODULE = YES;
				DEVELOPMENT_TEAM = QWZQFWGZMG;
				DYLIB_COMPATIBILITY_VERSION = 1;
				DYLIB_CURRENT_VERSION = 1;
				DYLIB_INSTALL_NAME_BASE = "@rpath";
				INFOPLIST_FILE = Domain/Info.plist;
				INSTALL_PATH = "$(LOCAL_LIBRARY_DIR)/Frameworks";
				LD_RUNPATH_SEARCH_PATHS = (
					"$(inherited)",
					"@executable_path/Frameworks",
					"@loader_path/Frameworks",
				);
				PRODUCT_BUNDLE_IDENTIFIER = com.roverdream.deskemo.domain;
				PRODUCT_NAME = "$(TARGET_NAME:c99extidentifier)";
				SKIP_INSTALL = YES;
				SWIFT_VERSION = 4.2;
				TARGETED_DEVICE_FAMILY = "1,2";
				VERSIONING_SYSTEM = "apple-generic";
				VERSION_INFO_PREFIX = "";
			};
			name = Release;
		};
		EBE2945721EE18520089B88B /* Debug */ = {
			isa = XCBuildConfiguration;
			baseConfigurationReference = B171F6950428A9C85B54467C /* Pods-DomainTests.debug.xcconfig */;
			buildSettings = {
				ALWAYS_EMBED_SWIFT_STANDARD_LIBRARIES = YES;
				CODE_SIGN_STYLE = Automatic;
				DEVELOPMENT_TEAM = QWZQFWGZMG;
				INFOPLIST_FILE = DomainTests/Info.plist;
				LD_RUNPATH_SEARCH_PATHS = (
					"$(inherited)",
					"@executable_path/Frameworks",
					"@loader_path/Frameworks",
				);
				PRODUCT_BUNDLE_IDENTIFIER = com.roverdream.deskemo.domain.DomainTests;
				PRODUCT_NAME = "$(TARGET_NAME)";
				SWIFT_VERSION = 4.2;
				TARGETED_DEVICE_FAMILY = "1,2";
				TEST_HOST = "$(BUILT_PRODUCTS_DIR)/Deskemo.app/Deskemo";
			};
			name = Debug;
		};
		EBE2945821EE18520089B88B /* Release */ = {
			isa = XCBuildConfiguration;
			baseConfigurationReference = 3F63C188805BA6BA11FD1DE1 /* Pods-DomainTests.release.xcconfig */;
			buildSettings = {
				ALWAYS_EMBED_SWIFT_STANDARD_LIBRARIES = YES;
				CODE_SIGN_STYLE = Automatic;
				DEVELOPMENT_TEAM = QWZQFWGZMG;
				INFOPLIST_FILE = DomainTests/Info.plist;
				LD_RUNPATH_SEARCH_PATHS = (
					"$(inherited)",
					"@executable_path/Frameworks",
					"@loader_path/Frameworks",
				);
				PRODUCT_BUNDLE_IDENTIFIER = com.roverdream.deskemo.domain.DomainTests;
				PRODUCT_NAME = "$(TARGET_NAME)";
				SWIFT_VERSION = 4.2;
				TARGETED_DEVICE_FAMILY = "1,2";
				TEST_HOST = "$(BUILT_PRODUCTS_DIR)/Deskemo.app/Deskemo";
			};
			name = Release;
		};
		EBE2948521EE24330089B88B /* Debug */ = {
			isa = XCBuildConfiguration;
			baseConfigurationReference = 3CB8724C79912B5D3ACD00CA /* Pods-CoreDataPlatform.debug.xcconfig */;
			buildSettings = {
				CODE_SIGN_IDENTITY = "";
				CODE_SIGN_STYLE = Automatic;
				CURRENT_PROJECT_VERSION = 1;
				DEFINES_MODULE = YES;
				DEVELOPMENT_TEAM = QWZQFWGZMG;
				DYLIB_COMPATIBILITY_VERSION = 1;
				DYLIB_CURRENT_VERSION = 1;
				DYLIB_INSTALL_NAME_BASE = "@rpath";
				INFOPLIST_FILE = CoreDataPlatform/Info.plist;
				INSTALL_PATH = "$(LOCAL_LIBRARY_DIR)/Frameworks";
				LD_RUNPATH_SEARCH_PATHS = (
					"$(inherited)",
					"@executable_path/Frameworks",
					"@loader_path/Frameworks",
				);
				PRODUCT_BUNDLE_IDENTIFIER = com.roverdream.deskemo.coredataplatform;
				PRODUCT_NAME = "$(TARGET_NAME:c99extidentifier)";
				SKIP_INSTALL = YES;
				SWIFT_VERSION = 4.2;
				TARGETED_DEVICE_FAMILY = "1,2";
				VERSIONING_SYSTEM = "apple-generic";
				VERSION_INFO_PREFIX = "";
			};
			name = Debug;
		};
		EBE2948621EE24330089B88B /* Release */ = {
			isa = XCBuildConfiguration;
			baseConfigurationReference = 24DD2E065FB51CD066CCAC09 /* Pods-CoreDataPlatform.release.xcconfig */;
			buildSettings = {
				CODE_SIGN_IDENTITY = "";
				CODE_SIGN_STYLE = Automatic;
				CURRENT_PROJECT_VERSION = 1;
				DEFINES_MODULE = YES;
				DEVELOPMENT_TEAM = QWZQFWGZMG;
				DYLIB_COMPATIBILITY_VERSION = 1;
				DYLIB_CURRENT_VERSION = 1;
				DYLIB_INSTALL_NAME_BASE = "@rpath";
				INFOPLIST_FILE = CoreDataPlatform/Info.plist;
				INSTALL_PATH = "$(LOCAL_LIBRARY_DIR)/Frameworks";
				LD_RUNPATH_SEARCH_PATHS = (
					"$(inherited)",
					"@executable_path/Frameworks",
					"@loader_path/Frameworks",
				);
				PRODUCT_BUNDLE_IDENTIFIER = com.roverdream.deskemo.coredataplatform;
				PRODUCT_NAME = "$(TARGET_NAME:c99extidentifier)";
				SKIP_INSTALL = YES;
				SWIFT_VERSION = 4.2;
				TARGETED_DEVICE_FAMILY = "1,2";
				VERSIONING_SYSTEM = "apple-generic";
				VERSION_INFO_PREFIX = "";
			};
			name = Release;
		};
		EBE2948821EE24330089B88B /* Debug */ = {
			isa = XCBuildConfiguration;
			baseConfigurationReference = 93F243F40A6DB389C156B62D /* Pods-CoreDataPlatformTests.debug.xcconfig */;
			buildSettings = {
				ALWAYS_EMBED_SWIFT_STANDARD_LIBRARIES = YES;
				CODE_SIGN_STYLE = Automatic;
				DEVELOPMENT_TEAM = QWZQFWGZMG;
				INFOPLIST_FILE = CoreDataPlatformTests/Info.plist;
				LD_RUNPATH_SEARCH_PATHS = (
					"$(inherited)",
					"@executable_path/Frameworks",
					"@loader_path/Frameworks",
				);
				PRODUCT_BUNDLE_IDENTIFIER = com.roverdream.deskemo.coredataplatform.CoreDataPlatformTests;
				PRODUCT_NAME = "$(TARGET_NAME)";
				SWIFT_VERSION = 4.2;
				TARGETED_DEVICE_FAMILY = "1,2";
				TEST_HOST = "$(BUILT_PRODUCTS_DIR)/Deskemo.app/Deskemo";
			};
			name = Debug;
		};
		EBE2948921EE24330089B88B /* Release */ = {
			isa = XCBuildConfiguration;
			baseConfigurationReference = F896D5AB68EC0C0A948EF644 /* Pods-CoreDataPlatformTests.release.xcconfig */;
			buildSettings = {
				ALWAYS_EMBED_SWIFT_STANDARD_LIBRARIES = YES;
				CODE_SIGN_STYLE = Automatic;
				DEVELOPMENT_TEAM = QWZQFWGZMG;
				INFOPLIST_FILE = CoreDataPlatformTests/Info.plist;
				LD_RUNPATH_SEARCH_PATHS = (
					"$(inherited)",
					"@executable_path/Frameworks",
					"@loader_path/Frameworks",
				);
				PRODUCT_BUNDLE_IDENTIFIER = com.roverdream.deskemo.coredataplatform.CoreDataPlatformTests;
				PRODUCT_NAME = "$(TARGET_NAME)";
				SWIFT_VERSION = 4.2;
				TARGETED_DEVICE_FAMILY = "1,2";
				TEST_HOST = "$(BUILT_PRODUCTS_DIR)/Deskemo.app/Deskemo";
			};
			name = Release;
		};
/* End XCBuildConfiguration section */

/* Begin XCConfigurationList section */
		EB2EA15D21EDF9AA00112168 /* Build configuration list for PBXProject "Deskemo" */ = {
			isa = XCConfigurationList;
			buildConfigurations = (
				EB2EA18B21EDF9AB00112168 /* Debug */,
				EB2EA18C21EDF9AB00112168 /* Release */,
			);
			defaultConfigurationIsVisible = 0;
			defaultConfigurationName = Release;
		};
		EB2EA18D21EDF9AB00112168 /* Build configuration list for PBXNativeTarget "Deskemo" */ = {
			isa = XCConfigurationList;
			buildConfigurations = (
				EB2EA18E21EDF9AB00112168 /* Debug */,
				EB2EA18F21EDF9AB00112168 /* Release */,
			);
			defaultConfigurationIsVisible = 0;
			defaultConfigurationName = Release;
		};
		EB2EA19021EDF9AB00112168 /* Build configuration list for PBXNativeTarget "DeskemoTests" */ = {
			isa = XCConfigurationList;
			buildConfigurations = (
				EB2EA19121EDF9AB00112168 /* Debug */,
				EB2EA19221EDF9AB00112168 /* Release */,
			);
			defaultConfigurationIsVisible = 0;
			defaultConfigurationName = Release;
		};
		EB2EA19321EDF9AB00112168 /* Build configuration list for PBXNativeTarget "DeskemoUITests" */ = {
			isa = XCConfigurationList;
			buildConfigurations = (
				EB2EA19421EDF9AB00112168 /* Debug */,
				EB2EA19521EDF9AB00112168 /* Release */,
			);
			defaultConfigurationIsVisible = 0;
			defaultConfigurationName = Release;
		};
		EBE2945921EE18520089B88B /* Build configuration list for PBXNativeTarget "Domain" */ = {
			isa = XCConfigurationList;
			buildConfigurations = (
				EBE2945521EE18520089B88B /* Debug */,
				EBE2945621EE18520089B88B /* Release */,
			);
			defaultConfigurationIsVisible = 0;
			defaultConfigurationName = Release;
		};
		EBE2945B21EE18520089B88B /* Build configuration list for PBXNativeTarget "DomainTests" */ = {
			isa = XCConfigurationList;
			buildConfigurations = (
				EBE2945721EE18520089B88B /* Debug */,
				EBE2945821EE18520089B88B /* Release */,
			);
			defaultConfigurationIsVisible = 0;
			defaultConfigurationName = Release;
		};
		EBE2948421EE24330089B88B /* Build configuration list for PBXNativeTarget "CoreDataPlatform" */ = {
			isa = XCConfigurationList;
			buildConfigurations = (
				EBE2948521EE24330089B88B /* Debug */,
				EBE2948621EE24330089B88B /* Release */,
			);
			defaultConfigurationIsVisible = 0;
			defaultConfigurationName = Release;
		};
		EBE2948721EE24330089B88B /* Build configuration list for PBXNativeTarget "CoreDataPlatformTests" */ = {
			isa = XCConfigurationList;
			buildConfigurations = (
				EBE2948821EE24330089B88B /* Debug */,
				EBE2948921EE24330089B88B /* Release */,
			);
			defaultConfigurationIsVisible = 0;
			defaultConfigurationName = Release;
		};
/* End XCConfigurationList section */

/* Begin XCVersionGroup section */
		EB2EA16C21EDF9AA00112168 /* Deskemo.xcdatamodeld */ = {
			isa = XCVersionGroup;
			children = (
				EB2EA16D21EDF9AA00112168 /* Deskemo.xcdatamodel */,
			);
			currentVersion = EB2EA16D21EDF9AA00112168 /* Deskemo.xcdatamodel */;
			path = Deskemo.xcdatamodeld;
			sourceTree = "<group>";
			versionGroupType = wrapper.xcdatamodel;
		};
		EBE2948A21EE28070089B88B /* Model.xcdatamodeld */ = {
			isa = XCVersionGroup;
			children = (
				EBE2948B21EE28070089B88B /* Model.xcdatamodel */,
			);
			currentVersion = EBE2948B21EE28070089B88B /* Model.xcdatamodel */;
			path = Model.xcdatamodeld;
			sourceTree = "<group>";
			versionGroupType = wrapper.xcdatamodel;
		};
/* End XCVersionGroup section */
	};
	rootObject = EB2EA15A21EDF9AA00112168 /* Project object */;
}
